{
  "name": "dashboard",
  "version": "0.1.0",
  "lockfileVersion": 1,
  "requires": true,
  "dependencies": {
    "@connext/messaging": {
      "version": "1.3.4",
      "requires": {
        "@connext/types": "1.3.4",
        "ts-nats": "1.2.4",
        "websocket-nats": "0.3.3"
      },
      "dependencies": {
        "@connext/cf-types": {},
        "@connext/types": {
          "version": "1.3.4",
          "requires": {
            "@connext/cf-types": "1.3.4",
            "ethers": "4.0.40"
          },
          "dependencies": {
            "@connext/cf-core": {
              "requires": {
                "@connext/cf-adjudicator-contracts": "0.4.1",
                "@connext/cf-funding-protocol-contracts": "0.4.1",
                "@connext/types": "1.3.4"
              },
              "dependencies": {
                "@connext/cf-adjudicator-contracts": {
                  "version": "0.4.1",
                  "dependencies": {
                    "@connext/cf-types": {},
                    "@connext/types": {
                      "requires": {
                        "@connext/cf-types": "1.3.4"
                      },
                      "dependencies": {
                        "@connext/cf-core": {
                          "requires": {
                            "@connext/cf-adjudicator-contracts": "0.4.1",
                            "@connext/cf-funding-protocol-contracts": "0.4.1",
                            "@connext/types": "1.3.4"
                          },
                          "dependencies": {}
                        },
                        "@connext/cf-types": {
                          "version": "1.3.4"
                        },
                        "@connext/messaging": {
                          "requires": {
                            "@connext/types": "1.3.4"
                          },
                          "dependencies": {
                            "@connext/cf-types": {},
                            "@connext/types": {
                              "version": "1.3.4",
                              "requires": {
                                "@connext/cf-types": "1.3.4",
                                "ethers": "4.0.40"
                              },
                              "dependencies": {}
                            },
                            "nuid": {
                              "version": "1.1.0",
                              "resolved": "https://registry.npmjs.org/nuid/-/nuid-1.1.0.tgz",
                              "integrity": "sha512-C/JdZ6PtCqKsCEs4ni76nhBsdmuQgLAT/CTLNprkcLViDAnkk7qx5sSA8PVC2vmSsdBlSsFuGb52v6pwn1oaeg=="
                            },
                            "ts-nkeys": {
                              "version": "1.0.14",
                              "resolved": "https://registry.npmjs.org/ts-nkeys/-/ts-nkeys-1.0.14.tgz",
                              "integrity": "sha512-WIPykDjpnOvVn5zDNv1uu6o1+Uj+CXaQOM4Od6k2SRiUF4rmhjk7nAHC0mGrWjj0GxeQnwKQv++65qtm1O6kiA==",
                              "requires": {
                                "tweetnacl": "^1.0.1"
                              }
                            },
                            "tweetnacl": {
                              "version": "1.0.1",
                              "resolved": "https://registry.npmjs.org/tweetnacl/-/tweetnacl-1.0.1.tgz",
                              "integrity": "sha512-kcoMoKTPYnoeS50tzoqjPY3Uv9axeuuFAZY9M/9zFnhoVvRfxz9K29IMPD7jGmt2c8SW7i3gT9WqDl2+nV7p4A=="
                            }
                          }
                        },
                        "aes-js": {
                          "version": "3.0.0",
                          "resolved": "https://registry.npmjs.org/aes-js/-/aes-js-3.0.0.tgz",
                          "integrity": "sha1-4h3xCtbCBTKVvLuNq0Cwnb6ofk0="
                        },
                        "bn.js": {
                          "version": "4.11.8",
                          "resolved": "https://registry.npmjs.org/bn.js/-/bn.js-4.11.8.tgz",
                          "integrity": "sha512-ItfYfPLkWHUjckQCk8xC+LwxgK8NYcXywGigJgSwOP8Y2iyWT4f2vsZnoOXTTbo+o5yXmIUJ4gn5538SO5S3gA=="
                        },
                        "brorand": {
                          "version": "1.1.0",
                          "resolved": "https://registry.npmjs.org/brorand/-/brorand-1.1.0.tgz",
                          "integrity": "sha1-EsJe/kCkXjwyPrhnWgoM5XsiNx8="
                        },
                        "elliptic": {
                          "version": "6.5.2",
                          "resolved": "https://registry.npmjs.org/elliptic/-/elliptic-6.5.2.tgz",
                          "integrity": "sha512-f4x70okzZbIQl/NSRLkI/+tteV/9WqL98zx+SQ69KbXxmVrmjwsNUPn/gYJJ0sHvEak24cZgHIPegRePAtA/xw==",
                          "requires": {
                            "bn.js": "^4.4.0",
                            "brorand": "^1.0.1",
                            "hash.js": "^1.0.0",
                            "hmac-drbg": "^1.0.0",
                            "inherits": "^2.0.1",
                            "minimalistic-assert": "^1.0.0",
                            "minimalistic-crypto-utils": "^1.0.0"
                          }
                        },
                        "hash.js": {
                          "version": "1.1.3",
                          "resolved": "https://registry.npmjs.org/hash.js/-/hash.js-1.1.3.tgz",
                          "integrity": "sha512-/UETyP0W22QILqS+6HowevwhEFJ3MBJnwTf75Qob9Wz9t0DPuisL8kW8YZMK62dHAKE1c1p+gY1TtOLY+USEHA==",
                          "requires": {
                            "inherits": "^2.0.3",
                            "minimalistic-assert": "^1.0.0"
                          }
                        },
                        "hmac-drbg": {
                          "version": "1.0.1",
                          "resolved": "https://registry.npmjs.org/hmac-drbg/-/hmac-drbg-1.0.1.tgz",
                          "integrity": "sha1-0nRXAQJabHdabFRXk+1QL8DGSaE=",
                          "requires": {
                            "hash.js": "^1.0.3",
                            "minimalistic-assert": "^1.0.0",
                            "minimalistic-crypto-utils": "^1.0.1"
                          }
                        },
                        "inherits": {
                          "version": "2.0.4",
                          "resolved": "https://registry.npmjs.org/inherits/-/inherits-2.0.4.tgz",
                          "integrity": "sha512-k/vGaX4/Yla3WzyMCvTQOXYeIHvqOKtnqBduzTHpzpQZzAskKMhZ2K+EnBiSM9zGSoIFeMpXKxa4dYeZIQqewQ=="
                        },
                        "js-sha3": {
                          "version": "0.5.7",
                          "resolved": "https://registry.npmjs.org/js-sha3/-/js-sha3-0.5.7.tgz",
                          "integrity": "sha1-DU/9gALVMzqrr0oj7tL2N0yfKOc="
                        },
                        "minimalistic-assert": {
                          "version": "1.0.1",
                          "resolved": "https://registry.npmjs.org/minimalistic-assert/-/minimalistic-assert-1.0.1.tgz",
                          "integrity": "sha512-UtJcAD4yEaGtjPezWuO9wC4nwUnVH/8/Im3yEHQP4b67cXlD/Qr9hdITCU1xDbSEXg2XKNaP8jsReV7vQd00/A=="
                        },
                        "minimalistic-crypto-utils": {
                          "version": "1.0.1",
                          "resolved": "https://registry.npmjs.org/minimalistic-crypto-utils/-/minimalistic-crypto-utils-1.0.1.tgz",
                          "integrity": "sha1-9sAMHAsIIkblxNmd+4x8CDsrWCo="
                        },
                        "scrypt-js": {
                          "version": "2.0.4",
                          "resolved": "https://registry.npmjs.org/scrypt-js/-/scrypt-js-2.0.4.tgz",
                          "integrity": "sha512-4KsaGcPnuhtCZQCxFxN3GVYIhKFPTdLd8PLC552XwbMndtD0cjRFAhDuuydXQ0h08ZfPgzqe6EKHozpuH74iDw=="
                        },
                        "setimmediate": {
                          "version": "1.0.4",
                          "resolved": "https://registry.npmjs.org/setimmediate/-/setimmediate-1.0.4.tgz",
                          "integrity": "sha1-IOgd5iLUoCWIzgyNqJc8vPHTE48="
                        },
                        "uuid": {
                          "version": "2.0.1",
                          "resolved": "https://registry.npmjs.org/uuid/-/uuid-2.0.1.tgz",
                          "integrity": "sha1-wqMN7bPlNdcsz4LjQ5QaULqFM6w="
                        },
                        "xmlhttprequest": {
                          "version": "1.8.0",
                          "resolved": "https://registry.npmjs.org/xmlhttprequest/-/xmlhttprequest-1.8.0.tgz",
                          "integrity": "sha1-Z/4HXFwk/vOfnWX197f+dRcZaPw="
                        }
                      }
                    }
                  }
                },
                "@connext/cf-apps": {
                  "dependencies": {
                    "@connext/cf-adjudicator-contracts": {
                      "dependencies": {
                        "@connext/cf-types": {},
                        "@connext/types": {
                          "requires": {
                            "@connext/cf-types": "1.3.4"
                          },
                          "dependencies": {}
                        }
                      }
                    },
                    "@connext/cf-funding-protocol-contracts": {
                      "dependencies": {
                        "@connext/cf-adjudicator-contracts": {
                          "dependencies": {
                            "@connext/cf-types": {},
                            "@connext/types": {
                              "requires": {
                                "@connext/cf-types": "1.3.4"
                              },
                              "dependencies": {}
                            }
                          }
                        },
                        "@connext/types": {
                          "requires": {
                            "@connext/cf-types": "1.3.4"
                          },
                          "dependencies": {
                            "@connext/cf-core": {
                              "requires": {
                                "@connext/cf-adjudicator-contracts": "0.4.1",
                                "@connext/cf-funding-protocol-contracts": "0.4.1",
                                "@connext/types": "1.3.4"
                              },
                              "dependencies": {}
                            },
                            "@connext/cf-types": {
                              "version": "1.3.4"
                            },
                            "@connext/messaging": {
                              "requires": {
                                "@connext/types": "1.3.4"
                              },
                              "dependencies": {}
                            },
                            "aes-js": {
                              "version": "3.0.0",
                              "resolved": "https://registry.npmjs.org/aes-js/-/aes-js-3.0.0.tgz",
                              "integrity": "sha1-4h3xCtbCBTKVvLuNq0Cwnb6ofk0="
                            },
                            "bn.js": {
                              "version": "4.11.8",
                              "resolved": "https://registry.npmjs.org/bn.js/-/bn.js-4.11.8.tgz",
                              "integrity": "sha512-ItfYfPLkWHUjckQCk8xC+LwxgK8NYcXywGigJgSwOP8Y2iyWT4f2vsZnoOXTTbo+o5yXmIUJ4gn5538SO5S3gA=="
                            },
                            "brorand": {
                              "version": "1.1.0",
                              "resolved": "https://registry.npmjs.org/brorand/-/brorand-1.1.0.tgz",
                              "integrity": "sha1-EsJe/kCkXjwyPrhnWgoM5XsiNx8="
                            },
                            "elliptic": {
                              "version": "6.5.2",
                              "resolved": "https://registry.npmjs.org/elliptic/-/elliptic-6.5.2.tgz",
                              "integrity": "sha512-f4x70okzZbIQl/NSRLkI/+tteV/9WqL98zx+SQ69KbXxmVrmjwsNUPn/gYJJ0sHvEak24cZgHIPegRePAtA/xw==",
                              "requires": {
                                "bn.js": "^4.4.0",
                                "brorand": "^1.0.1",
                                "hash.js": "^1.0.0",
                                "hmac-drbg": "^1.0.0",
                                "inherits": "^2.0.1",
                                "minimalistic-assert": "^1.0.0",
                                "minimalistic-crypto-utils": "^1.0.0"
                              }
                            },
                            "hash.js": {
                              "version": "1.1.3",
                              "resolved": "https://registry.npmjs.org/hash.js/-/hash.js-1.1.3.tgz",
                              "integrity": "sha512-/UETyP0W22QILqS+6HowevwhEFJ3MBJnwTf75Qob9Wz9t0DPuisL8kW8YZMK62dHAKE1c1p+gY1TtOLY+USEHA==",
                              "requires": {
                                "inherits": "^2.0.3",
                                "minimalistic-assert": "^1.0.0"
                              }
                            },
                            "hmac-drbg": {
                              "version": "1.0.1",
                              "resolved": "https://registry.npmjs.org/hmac-drbg/-/hmac-drbg-1.0.1.tgz",
                              "integrity": "sha1-0nRXAQJabHdabFRXk+1QL8DGSaE=",
                              "requires": {
                                "hash.js": "^1.0.3",
                                "minimalistic-assert": "^1.0.0",
                                "minimalistic-crypto-utils": "^1.0.1"
                              }
                            },
                            "inherits": {
                              "version": "2.0.4",
                              "resolved": "https://registry.npmjs.org/inherits/-/inherits-2.0.4.tgz",
                              "integrity": "sha512-k/vGaX4/Yla3WzyMCvTQOXYeIHvqOKtnqBduzTHpzpQZzAskKMhZ2K+EnBiSM9zGSoIFeMpXKxa4dYeZIQqewQ=="
                            },
                            "js-sha3": {
                              "version": "0.5.7",
                              "resolved": "https://registry.npmjs.org/js-sha3/-/js-sha3-0.5.7.tgz",
                              "integrity": "sha1-DU/9gALVMzqrr0oj7tL2N0yfKOc="
                            },
                            "minimalistic-assert": {
                              "version": "1.0.1",
                              "resolved": "https://registry.npmjs.org/minimalistic-assert/-/minimalistic-assert-1.0.1.tgz",
                              "integrity": "sha512-UtJcAD4yEaGtjPezWuO9wC4nwUnVH/8/Im3yEHQP4b67cXlD/Qr9hdITCU1xDbSEXg2XKNaP8jsReV7vQd00/A=="
                            },
                            "minimalistic-crypto-utils": {
                              "version": "1.0.1",
                              "resolved": "https://registry.npmjs.org/minimalistic-crypto-utils/-/minimalistic-crypto-utils-1.0.1.tgz",
                              "integrity": "sha1-9sAMHAsIIkblxNmd+4x8CDsrWCo="
                            },
                            "scrypt-js": {
                              "version": "2.0.4",
                              "resolved": "https://registry.npmjs.org/scrypt-js/-/scrypt-js-2.0.4.tgz",
                              "integrity": "sha512-4KsaGcPnuhtCZQCxFxN3GVYIhKFPTdLd8PLC552XwbMndtD0cjRFAhDuuydXQ0h08ZfPgzqe6EKHozpuH74iDw=="
                            },
                            "setimmediate": {
                              "version": "1.0.4",
                              "resolved": "https://registry.npmjs.org/setimmediate/-/setimmediate-1.0.4.tgz",
                              "integrity": "sha1-IOgd5iLUoCWIzgyNqJc8vPHTE48="
                            },
                            "uuid": {
                              "version": "2.0.1",
                              "resolved": "https://registry.npmjs.org/uuid/-/uuid-2.0.1.tgz",
                              "integrity": "sha1-wqMN7bPlNdcsz4LjQ5QaULqFM6w="
                            },
                            "xmlhttprequest": {
                              "version": "1.8.0",
                              "resolved": "https://registry.npmjs.org/xmlhttprequest/-/xmlhttprequest-1.8.0.tgz",
                              "integrity": "sha1-Z/4HXFwk/vOfnWX197f+dRcZaPw="
                            }
                          }
                        }
                      }
                    },
                    "@connext/cf-types": {}
                  }
                },
                "@connext/cf-funding-protocol-contracts": {
                  "version": "0.4.1",
                  "dependencies": {
                    "@connext/cf-adjudicator-contracts": {
                      "dependencies": {}
                    },
                    "@connext/types": {
                      "requires": {
                        "@connext/cf-types": "1.3.4"
                      },
                      "dependencies": {}
                    }
                  }
                },
                "@connext/cf-types": {},
                "@connext/types": {
                  "version": "1.3.4",
                  "requires": {
                    "@connext/cf-types": "1.3.4"
                  },
                  "dependencies": {
                    "@connext/cf-core": {
                      "requires": {
                        "@connext/cf-adjudicator-contracts": "0.4.1",
                        "@connext/cf-funding-protocol-contracts": "0.4.1",
                        "@connext/types": "1.3.4"
                      },
                      "dependencies": {}
                    },
                    "@connext/cf-types": {
                      "version": "1.3.4"
                    },
                    "@connext/messaging": {
                      "requires": {
                        "@connext/types": "1.3.4"
                      },
                      "dependencies": {}
                    },
                    "aes-js": {
                      "version": "3.0.0",
                      "resolved": "https://registry.npmjs.org/aes-js/-/aes-js-3.0.0.tgz",
                      "integrity": "sha1-4h3xCtbCBTKVvLuNq0Cwnb6ofk0="
                    },
                    "bn.js": {
                      "version": "4.11.8",
                      "resolved": "https://registry.npmjs.org/bn.js/-/bn.js-4.11.8.tgz",
                      "integrity": "sha512-ItfYfPLkWHUjckQCk8xC+LwxgK8NYcXywGigJgSwOP8Y2iyWT4f2vsZnoOXTTbo+o5yXmIUJ4gn5538SO5S3gA=="
                    },
                    "brorand": {
                      "version": "1.1.0",
                      "resolved": "https://registry.npmjs.org/brorand/-/brorand-1.1.0.tgz",
                      "integrity": "sha1-EsJe/kCkXjwyPrhnWgoM5XsiNx8="
                    },
                    "elliptic": {
                      "version": "6.5.2",
                      "resolved": "https://registry.npmjs.org/elliptic/-/elliptic-6.5.2.tgz",
                      "integrity": "sha512-f4x70okzZbIQl/NSRLkI/+tteV/9WqL98zx+SQ69KbXxmVrmjwsNUPn/gYJJ0sHvEak24cZgHIPegRePAtA/xw==",
                      "requires": {
                        "bn.js": "^4.4.0",
                        "brorand": "^1.0.1",
                        "hash.js": "^1.0.0",
                        "hmac-drbg": "^1.0.0",
                        "inherits": "^2.0.1",
                        "minimalistic-assert": "^1.0.0",
                        "minimalistic-crypto-utils": "^1.0.0"
                      }
                    },
                    "hash.js": {
                      "version": "1.1.3",
                      "resolved": "https://registry.npmjs.org/hash.js/-/hash.js-1.1.3.tgz",
                      "integrity": "sha512-/UETyP0W22QILqS+6HowevwhEFJ3MBJnwTf75Qob9Wz9t0DPuisL8kW8YZMK62dHAKE1c1p+gY1TtOLY+USEHA==",
                      "requires": {
                        "inherits": "^2.0.3",
                        "minimalistic-assert": "^1.0.0"
                      }
                    },
                    "hmac-drbg": {
                      "version": "1.0.1",
                      "resolved": "https://registry.npmjs.org/hmac-drbg/-/hmac-drbg-1.0.1.tgz",
                      "integrity": "sha1-0nRXAQJabHdabFRXk+1QL8DGSaE=",
                      "requires": {
                        "hash.js": "^1.0.3",
                        "minimalistic-assert": "^1.0.0",
                        "minimalistic-crypto-utils": "^1.0.1"
                      }
                    },
                    "inherits": {
                      "version": "2.0.4",
                      "resolved": "https://registry.npmjs.org/inherits/-/inherits-2.0.4.tgz",
                      "integrity": "sha512-k/vGaX4/Yla3WzyMCvTQOXYeIHvqOKtnqBduzTHpzpQZzAskKMhZ2K+EnBiSM9zGSoIFeMpXKxa4dYeZIQqewQ=="
                    },
                    "js-sha3": {
                      "version": "0.5.7",
                      "resolved": "https://registry.npmjs.org/js-sha3/-/js-sha3-0.5.7.tgz",
                      "integrity": "sha1-DU/9gALVMzqrr0oj7tL2N0yfKOc="
                    },
                    "minimalistic-assert": {
                      "version": "1.0.1",
                      "resolved": "https://registry.npmjs.org/minimalistic-assert/-/minimalistic-assert-1.0.1.tgz",
                      "integrity": "sha512-UtJcAD4yEaGtjPezWuO9wC4nwUnVH/8/Im3yEHQP4b67cXlD/Qr9hdITCU1xDbSEXg2XKNaP8jsReV7vQd00/A=="
                    },
                    "minimalistic-crypto-utils": {
                      "version": "1.0.1",
                      "resolved": "https://registry.npmjs.org/minimalistic-crypto-utils/-/minimalistic-crypto-utils-1.0.1.tgz",
                      "integrity": "sha1-9sAMHAsIIkblxNmd+4x8CDsrWCo="
                    },
                    "scrypt-js": {
                      "version": "2.0.4",
                      "resolved": "https://registry.npmjs.org/scrypt-js/-/scrypt-js-2.0.4.tgz",
                      "integrity": "sha512-4KsaGcPnuhtCZQCxFxN3GVYIhKFPTdLd8PLC552XwbMndtD0cjRFAhDuuydXQ0h08ZfPgzqe6EKHozpuH74iDw=="
                    },
                    "setimmediate": {
                      "version": "1.0.4",
                      "resolved": "https://registry.npmjs.org/setimmediate/-/setimmediate-1.0.4.tgz",
                      "integrity": "sha1-IOgd5iLUoCWIzgyNqJc8vPHTE48="
                    },
                    "uuid": {
                      "version": "2.0.1",
                      "resolved": "https://registry.npmjs.org/uuid/-/uuid-2.0.1.tgz",
                      "integrity": "sha1-wqMN7bPlNdcsz4LjQ5QaULqFM6w="
                    },
                    "xmlhttprequest": {
                      "version": "1.8.0",
                      "resolved": "https://registry.npmjs.org/xmlhttprequest/-/xmlhttprequest-1.8.0.tgz",
                      "integrity": "sha1-Z/4HXFwk/vOfnWX197f+dRcZaPw="
                    }
                  }
                }
              }
            },
            "@connext/cf-types": {
              "version": "1.3.4"
            },
            "@connext/messaging": {
              "requires": {
                "@connext/types": "1.3.4"
              },
              "dependencies": {}
            },
            "aes-js": {
              "version": "3.0.0",
              "resolved": "https://registry.npmjs.org/aes-js/-/aes-js-3.0.0.tgz",
              "integrity": "sha1-4h3xCtbCBTKVvLuNq0Cwnb6ofk0="
            },
            "bn.js": {
              "version": "4.11.8",
              "resolved": "https://registry.npmjs.org/bn.js/-/bn.js-4.11.8.tgz",
              "integrity": "sha512-ItfYfPLkWHUjckQCk8xC+LwxgK8NYcXywGigJgSwOP8Y2iyWT4f2vsZnoOXTTbo+o5yXmIUJ4gn5538SO5S3gA=="
            },
            "brorand": {
              "version": "1.1.0",
              "resolved": "https://registry.npmjs.org/brorand/-/brorand-1.1.0.tgz",
              "integrity": "sha1-EsJe/kCkXjwyPrhnWgoM5XsiNx8="
            },
            "elliptic": {
              "version": "6.5.2",
              "resolved": "https://registry.npmjs.org/elliptic/-/elliptic-6.5.2.tgz",
              "integrity": "sha512-f4x70okzZbIQl/NSRLkI/+tteV/9WqL98zx+SQ69KbXxmVrmjwsNUPn/gYJJ0sHvEak24cZgHIPegRePAtA/xw==",
              "requires": {
                "bn.js": "^4.4.0",
                "brorand": "^1.0.1",
                "hash.js": "^1.0.0",
                "hmac-drbg": "^1.0.0",
                "inherits": "^2.0.1",
                "minimalistic-assert": "^1.0.0",
                "minimalistic-crypto-utils": "^1.0.0"
              }
            },
            "ethers": {
              "version": "4.0.40",
              "resolved": "https://registry.npmjs.org/ethers/-/ethers-4.0.40.tgz",
              "integrity": "sha512-MC9BtV7Hpq4dgFONEfanx9aU9GhhoWU270F+/wegHZXA7FR+2KXFdt36YIQYLmVY5ykUWswDxd+f9EVkIa7JOA==",
              "requires": {
                "aes-js": "3.0.0",
                "bn.js": "^4.4.0",
                "elliptic": "6.5.2",
                "hash.js": "1.1.3",
                "js-sha3": "0.5.7",
                "scrypt-js": "2.0.4",
                "setimmediate": "1.0.4",
                "uuid": "2.0.1",
                "xmlhttprequest": "1.8.0"
              }
            },
            "hash.js": {
              "version": "1.1.3",
              "resolved": "https://registry.npmjs.org/hash.js/-/hash.js-1.1.3.tgz",
              "integrity": "sha512-/UETyP0W22QILqS+6HowevwhEFJ3MBJnwTf75Qob9Wz9t0DPuisL8kW8YZMK62dHAKE1c1p+gY1TtOLY+USEHA==",
              "requires": {
                "inherits": "^2.0.3",
                "minimalistic-assert": "^1.0.0"
              }
            },
            "hmac-drbg": {
              "version": "1.0.1",
              "resolved": "https://registry.npmjs.org/hmac-drbg/-/hmac-drbg-1.0.1.tgz",
              "integrity": "sha1-0nRXAQJabHdabFRXk+1QL8DGSaE=",
              "requires": {
                "hash.js": "^1.0.3",
                "minimalistic-assert": "^1.0.0",
                "minimalistic-crypto-utils": "^1.0.1"
              }
            },
            "inherits": {
              "version": "2.0.4",
              "resolved": "https://registry.npmjs.org/inherits/-/inherits-2.0.4.tgz",
              "integrity": "sha512-k/vGaX4/Yla3WzyMCvTQOXYeIHvqOKtnqBduzTHpzpQZzAskKMhZ2K+EnBiSM9zGSoIFeMpXKxa4dYeZIQqewQ=="
            },
            "js-sha3": {
              "version": "0.5.7",
              "resolved": "https://registry.npmjs.org/js-sha3/-/js-sha3-0.5.7.tgz",
              "integrity": "sha1-DU/9gALVMzqrr0oj7tL2N0yfKOc="
            },
            "minimalistic-assert": {
              "version": "1.0.1",
              "resolved": "https://registry.npmjs.org/minimalistic-assert/-/minimalistic-assert-1.0.1.tgz",
              "integrity": "sha512-UtJcAD4yEaGtjPezWuO9wC4nwUnVH/8/Im3yEHQP4b67cXlD/Qr9hdITCU1xDbSEXg2XKNaP8jsReV7vQd00/A=="
            },
            "minimalistic-crypto-utils": {
              "version": "1.0.1",
              "resolved": "https://registry.npmjs.org/minimalistic-crypto-utils/-/minimalistic-crypto-utils-1.0.1.tgz",
              "integrity": "sha1-9sAMHAsIIkblxNmd+4x8CDsrWCo="
            },
            "scrypt-js": {
              "version": "2.0.4",
              "resolved": "https://registry.npmjs.org/scrypt-js/-/scrypt-js-2.0.4.tgz",
              "integrity": "sha512-4KsaGcPnuhtCZQCxFxN3GVYIhKFPTdLd8PLC552XwbMndtD0cjRFAhDuuydXQ0h08ZfPgzqe6EKHozpuH74iDw=="
            },
            "setimmediate": {
              "version": "1.0.4",
              "resolved": "https://registry.npmjs.org/setimmediate/-/setimmediate-1.0.4.tgz",
              "integrity": "sha1-IOgd5iLUoCWIzgyNqJc8vPHTE48="
            },
            "uuid": {
              "version": "2.0.1",
              "resolved": "https://registry.npmjs.org/uuid/-/uuid-2.0.1.tgz",
              "integrity": "sha1-wqMN7bPlNdcsz4LjQ5QaULqFM6w="
            },
            "xmlhttprequest": {
              "version": "1.8.0",
              "resolved": "https://registry.npmjs.org/xmlhttprequest/-/xmlhttprequest-1.8.0.tgz",
              "integrity": "sha1-Z/4HXFwk/vOfnWX197f+dRcZaPw="
            }
          }
        },
        "nuid": {
          "version": "1.1.0",
          "resolved": "https://registry.npmjs.org/nuid/-/nuid-1.1.0.tgz",
          "integrity": "sha512-C/JdZ6PtCqKsCEs4ni76nhBsdmuQgLAT/CTLNprkcLViDAnkk7qx5sSA8PVC2vmSsdBlSsFuGb52v6pwn1oaeg=="
        },
        "ts-nats": {
          "version": "1.2.4",
          "resolved": "https://registry.npmjs.org/ts-nats/-/ts-nats-1.2.4.tgz",
          "integrity": "sha512-bIC+PlwHplRqhooa9kE+QPcQ9RPGUXD2ruvdf6LoFpP6MjE6exVoRhYSydm0e5wk7VfuXpTbH1NoopTKHwlOKA==",
          "requires": {
            "nuid": "^1.1.0",
            "ts-nkeys": "^1.0.12"
          }
        },
        "ts-nkeys": {
          "version": "1.0.14",
          "resolved": "https://registry.npmjs.org/ts-nkeys/-/ts-nkeys-1.0.14.tgz",
          "integrity": "sha512-WIPykDjpnOvVn5zDNv1uu6o1+Uj+CXaQOM4Od6k2SRiUF4rmhjk7nAHC0mGrWjj0GxeQnwKQv++65qtm1O6kiA==",
          "requires": {
            "tweetnacl": "^1.0.1"
          }
        },
        "tweetnacl": {
          "version": "1.0.1",
          "resolved": "https://registry.npmjs.org/tweetnacl/-/tweetnacl-1.0.1.tgz",
          "integrity": "sha512-kcoMoKTPYnoeS50tzoqjPY3Uv9axeuuFAZY9M/9zFnhoVvRfxz9K29IMPD7jGmt2c8SW7i3gT9WqDl2+nV7p4A=="
        },
        "websocket-nats": {
          "version": "0.3.3",
          "resolved": "https://registry.npmjs.org/websocket-nats/-/websocket-nats-0.3.3.tgz",
          "integrity": "sha1-igSTvVuXyvH4VzmDuu2HFTmVI+8=",
          "requires": {
            "nuid": "^0.6.8"
          },
          "dependencies": {
            "nuid": {
              "version": "0.6.14",
              "resolved": "https://registry.npmjs.org/nuid/-/nuid-0.6.14.tgz",
              "integrity": "sha1-oiXItyDkbFY62NE2QTaGafbCW0g="
            }
          }
        }
      }
    },
    "babel-runtime": {
      "version": "6.26.0",
      "resolved": "https://registry.npmjs.org/babel-runtime/-/babel-runtime-6.26.0.tgz",
      "integrity": "sha1-llxwWGaOgrVde/4E/yM3vItWR/4=",
      "requires": {
        "core-js": "^2.4.0",
        "regenerator-runtime": "^0.11.0"
      },
      "dependencies": {
        "core-js": {
          "version": "2.6.11",
          "resolved": "https://registry.npmjs.org/core-js/-/core-js-2.6.11.tgz",
          "integrity": "sha512-5wjnpaT/3dV+XB4borEsnAYQchn00XSgTAWKDkEqv+K8KevjbzmofK6hfJ9TZIlpj2N0xQpazy7PiRQiWHqzWg=="
        },
        "regenerator-runtime": {
          "version": "0.11.1",
          "resolved": "https://registry.npmjs.org/regenerator-runtime/-/regenerator-runtime-0.11.1.tgz",
          "integrity": "sha512-MguG95oij0fC3QV3URf4V2SDYGJhJnJGqvIIgdECeODCT98wSWDAJ94SSuVpYQUoTcGUIL6L4yNB7j1DFFHSBg=="
        }
      }
    },
    "base16": {
      "version": "1.0.0",
      "resolved": "https://registry.npmjs.org/base16/-/base16-1.0.0.tgz",
      "integrity": "sha1-4pf2DX7BAUp6lxo568ipjAtoHnA="
    },
    "js-tokens": {
      "version": "4.0.0",
      "resolved": "https://registry.npmjs.org/js-tokens/-/js-tokens-4.0.0.tgz",
      "integrity": "sha512-RdJUflcE3cUzKiMqQgsCu06FPu9UdIJO0beYbPhHN4k6apgJtifcoCtT9bcxOpYBtpD2kCM6Sbzg4CausW/PKQ=="
    },
    "lodash.curry": {
      "version": "4.1.1",
      "resolved": "https://registry.npmjs.org/lodash.curry/-/lodash.curry-4.1.1.tgz",
      "integrity": "sha1-JI42By7ekGUB11lmIAqG2riyMXA="
    },
    "lodash.flow": {
      "version": "3.5.0",
      "resolved": "https://registry.npmjs.org/lodash.flow/-/lodash.flow-3.5.0.tgz",
      "integrity": "sha1-h79AKSuM+D5OjOGjrkIJ4gBxZ1o="
    },
    "loose-envify": {
      "version": "1.4.0",
      "resolved": "https://registry.npmjs.org/loose-envify/-/loose-envify-1.4.0.tgz",
      "integrity": "sha512-lyuxPGr/Wfhrlem2CL/UcnUc1zcqKAImBDzukY7Y5F/yQiNdko6+fRLevlw1HgMySw7f611UIY408EtxRSoK3Q==",
      "requires": {
        "js-tokens": "^3.0.0 || ^4.0.0"
      }
    },
    "object-assign": {
      "version": "4.1.1",
      "resolved": "https://registry.npmjs.org/object-assign/-/object-assign-4.1.1.tgz",
      "integrity": "sha1-IQmtx5ZYh8/AXLvUQsrIv7s2CGM="
    },
    "prop-types": {
      "version": "15.7.2",
      "resolved": "https://registry.npmjs.org/prop-types/-/prop-types-15.7.2.tgz",
      "integrity": "sha512-8QQikdH7//R2vurIJSutZ1smHYTcLpRWEOlHnzcWHmBYrOGUysKwSsrC89BCiFj3CbrfJ/nXFdJepOVrY1GCHQ==",
      "requires": {
        "loose-envify": "^1.4.0",
        "object-assign": "^4.1.1",
        "react-is": "^16.8.1"
      }
    },
    "pure-color": {
      "version": "1.3.0",
      "resolved": "https://registry.npmjs.org/pure-color/-/pure-color-1.3.0.tgz",
      "integrity": "sha1-H+Bk+wrIUfDeYTIKi/eWg2Qi8z4="
    },
    "react-base16-styling": {
      "version": "0.5.3",
      "resolved": "https://registry.npmjs.org/react-base16-styling/-/react-base16-styling-0.5.3.tgz",
      "integrity": "sha1-OFjyTpxN2MvT9wLz901YHKKRcmk=",
      "requires": {
        "base16": "^1.0.0",
        "lodash.curry": "^4.0.1",
        "lodash.flow": "^3.3.0",
        "pure-color": "^1.2.0"
      }
    },
    "react-is": {
      "version": "16.12.0",
      "resolved": "https://registry.npmjs.org/react-is/-/react-is-16.12.0.tgz",
      "integrity": "sha512-rPCkf/mWBtKc97aLL9/txD8DZdemK0vkA3JMLShjlJB3Pj3s+lpf1KaBzMfQrAmhMQB0n1cU/SUGgKKBCe837Q=="
    },
    "react-json-tree": {
      "version": "0.11.2",
      "resolved": "https://registry.npmjs.org/react-json-tree/-/react-json-tree-0.11.2.tgz",
      "integrity": "sha512-aYhUPj1y5jR3ZQ+G3N7aL8FbTyO03iLwnVvvEikLcNFqNTyabdljo9xDftZndUBFyyyL0aK3qGO9+8EilILHUw==",
      "requires": {
        "babel-runtime": "^6.6.1",
        "prop-types": "^15.5.8",
        "react-base16-styling": "^0.5.1"
      }
    }
  }
}
