{
	"name": "@connext/types",
	"version": "0.4.0",
	"lockfileVersion": 1,
	"requires": true,
	"dependencies": {
		"@types/jest": {
			"version": "24.0.22",
			"resolved": "https://registry.npmjs.org/@types/jest/-/jest-24.0.22.tgz",
			"integrity": "sha512-t2OvhNZnrNjlzi2i0/cxbLVM59WN15I2r1Qtb7wDv28PnV9IzrPtagFRey/S9ezdLD0zyh1XGMQIEQND2YEfrw==",
			"dev": true,
			"requires": {
				"@types/jest-diff": "*"
			},
			"dependencies": {
				"@types/jest-diff": {
					"version": "20.0.1",
					"resolved": "https://registry.npmjs.org/@types/jest-diff/-/jest-diff-20.0.1.tgz",
					"integrity": "sha512-yALhelO3i0hqZwhjtcr6dYyaLoCHbAMshwtj6cGxTvHZAKXHsYGdff6E8EPw3xLKY0ELUTQ69Q1rQiJENnccMA==",
					"dev": true
				}
			}
		}
	}
}
