{
	"name": "@connext/types",
	"version": "0.0.2",
	"lockfileVersion": 1,
	"requires": true,
	"dependencies": {
		"rollup": {
			"version": "1.16.4",
			"resolved": "https://registry.npmjs.org/rollup/-/rollup-1.16.4.tgz",
			"integrity": "sha512-Bht8QXoo2dJc8lUGyEMfnfKCV7hkf1oLzN6L8YdDE2toaaoCe5DxoqYjTyKswWQyiZseViZw9quEdDRz0YXifw==",
			"dev": true,
			"requires": {
				"@types/estree": "0.0.39",
				"@types/node": "^12.0.10",
				"acorn": "^6.1.1"
			},
			"dependencies": {
				"@types/estree": {
					"version": "0.0.39",
					"resolved": "https://registry.npmjs.org/@types/estree/-/estree-0.0.39.tgz",
					"integrity": "sha512-EYNwp3bU+98cpU4lAWYYL7Zz+2gryWH1qbdDTidVd6hkiR6weksdbMadyXKXNPEkQFhXM+hVO9ZygomHXp+AIw==",
					"dev": true
				},
				"@types/node": {
					"version": "12.0.12",
					"resolved": "https://registry.npmjs.org/@types/node/-/node-12.0.12.tgz",
					"integrity": "sha512-Uy0PN4R5vgBUXFoJrKryf5aTk3kJ8Rv3PdlHjl6UaX+Cqp1QE0yPQ68MPXGrZOfG7gZVNDIJZYyot0B9ubXUrQ==",
					"dev": true
				},
				"acorn": {
					"version": "6.2.0",
					"resolved": "https://registry.npmjs.org/acorn/-/acorn-6.2.0.tgz",
					"integrity": "sha512-8oe72N3WPMjA+2zVG71Ia0nXZ8DpQH+QyyHO+p06jT8eg8FGG3FbcUIi8KziHlAfheJQZeoqbvq1mQSQHXKYLw==",
					"dev": true
				}
			}
		}
	}
}
