# THIS IS AN AUTOGENERATED FILE. DO NOT EDIT THIS FILE DIRECTLY.
# yarn lockfile v1


"@babel/runtime@^7.1.2":
  version "7.2.0"
  resolved "https://registry.yarnpkg.com/@babel/runtime/-/runtime-7.2.0.tgz#b03e42eeddf5898e00646e4c840fa07ba8dcad7f"
  integrity sha512-oouEibCbHMVdZSDlJBO6bZmID/zA/G/Qx3H1d3rSNPTD+L8UNKvCat7aKWSJ74zYbm5zWGh0GQN0hKj8zYFTCg==
  dependencies:
    regenerator-runtime "^0.12.0"

"@emotion/cache@10.0.0":
  version "10.0.0"
  resolved "https://registry.yarnpkg.com/@emotion/cache/-/cache-10.0.0.tgz#e22eadcb770de4131ec707c84207e9e1ce210413"
  integrity sha512-1/sT6GNyvWmxCtJek8ZDV+b+a+NMDx8/61UTnnF3rqrTY7bLTjw+fmXO7WgUIH0owuWKxza/J/FfAWC/RU4G7A==
  dependencies:
    "@emotion/sheet" "0.9.2"
    "@emotion/stylis" "0.8.3"
    "@emotion/utils" "0.11.1"
    "@emotion/weak-memoize" "0.2.2"

"@emotion/hash@0.7.1":
  version "0.7.1"
  resolved "https://registry.yarnpkg.com/@emotion/hash/-/hash-0.7.1.tgz#9833722341379fb7d67f06a4b00ab3c37913da53"
  integrity sha512-OYpa/Sg+2GDX+jibUfpZVn1YqSVRpYmTLF2eyAfrFTIJSbwyIrc+YscayoykvaOME/wV4BV0Sa0yqdMrgse6mA==

"@emotion/memoize@0.7.1":
  version "0.7.1"
  resolved "https://registry.yarnpkg.com/@emotion/memoize/-/memoize-0.7.1.tgz#e93c13942592cf5ef01aa8297444dc192beee52f"
  integrity sha512-Qv4LTqO11jepd5Qmlp3M1YEjBumoTHcHFdgPTQ+sFlIL5myi/7xu/POwP7IRu6odBdmLXdtIs1D6TuW6kbwbbg==

"@emotion/serialize@^0.11.3":
  version "0.11.3"
  resolved "https://registry.yarnpkg.com/@emotion/serialize/-/serialize-0.11.3.tgz#c4af2d96e3ddb9a749b7b567daa7556bcae45af2"
  integrity sha512-6Q+XH/7kMdHwtylwZvdkOVMydaGZ989axQ56NF7urTR7eiDMLGun//pFUy31ha6QR4C6JB+KJVhZ3AEAJm9Z1g==
  dependencies:
    "@emotion/hash" "0.7.1"
    "@emotion/memoize" "0.7.1"
    "@emotion/unitless" "0.7.3"
    "@emotion/utils" "0.11.1"
    csstype "^2.5.7"

"@emotion/sheet@0.9.2":
  version "0.9.2"
  resolved "https://registry.yarnpkg.com/@emotion/sheet/-/sheet-0.9.2.tgz#74e5c6b5e489a1ba30ab246ab5eedd96916487c4"
  integrity sha512-pVBLzIbC/QCHDKJF2E82V2H/W/B004mDFQZiyo/MSR+VC4pV5JLG0TF/zgQDFvP3fZL/5RTPGEmXlYJBMUuJ+A==

"@emotion/stylis@0.8.3":
  version "0.8.3"
  resolved "https://registry.yarnpkg.com/@emotion/stylis/-/stylis-0.8.3.tgz#3ca7e9bcb31b3cb4afbaeb66156d86ee85e23246"
  integrity sha512-M3nMfJ6ndJMYloSIbYEBq6G3eqoYD41BpDOxreE8j0cb4fzz/5qvmqU9Mb2hzsXcCnIlGlWhS03PCzVGvTAe0Q==

"@emotion/unitless@0.7.3":
  version "0.7.3"
  resolved "https://registry.yarnpkg.com/@emotion/unitless/-/unitless-0.7.3.tgz#6310a047f12d21a1036fb031317219892440416f"
  integrity sha512-4zAPlpDEh2VwXswwr/t8xGNDGg8RQiPxtxZ3qQEXyQsBV39ptTdESCjuBvGze1nLMVrxmTIKmnO/nAV8Tqjjzg==

"@emotion/utils@0.11.1":
  version "0.11.1"
  resolved "https://registry.yarnpkg.com/@emotion/utils/-/utils-0.11.1.tgz#8529b7412a6eb4b48bdf6e720cc1b8e6e1e17628"
  integrity sha512-8M3VN0hetwhsJ8dH8VkVy7xo5/1VoBsDOk/T4SJOeXwTO1c4uIqVNx2qyecLFnnUWD5vvUqHQ1gASSeUN6zcTg==

"@emotion/weak-memoize@0.2.2":
  version "0.2.2"
  resolved "https://registry.yarnpkg.com/@emotion/weak-memoize/-/weak-memoize-0.2.2.tgz#63985d3d8b02530e0869962f4da09142ee8e200e"
  integrity sha512-n/VQ4mbfr81aqkx/XmVicOLjviMuy02eenSdJY33SVA7S2J42EU0P1H0mOogfYedb3wXA0d/LVtBrgTSm04WEA==

classnames@^2.2.5:
  version "2.2.6"
  resolved "https://registry.yarnpkg.com/classnames/-/classnames-2.2.6.tgz#43935bffdd291f326dad0a205309b38d00f650ce"
  integrity sha512-JR/iSQOSt+LQIWwrwEzJ9uk0xfN3mTVYMwt1Ir5mUcSN6pU+V4zQFFaJsclJbPuAUQH+yfWef6tm7l1quW3C8Q==

create-emotion@^10.0.4:
  version "10.0.6"
  resolved "https://registry.yarnpkg.com/create-emotion/-/create-emotion-10.0.6.tgz#a431a4181b3f333b5deae30985efdc5971774f94"
  integrity sha512-pfaSo7swLlmHxizPYF5Oi09e1uPseueX/CirE6mZpPeeoH1Yb4I2cmx0VCN6KlCRko4yKFTErorect9y0+ARZQ==
  dependencies:
    "@emotion/cache" "10.0.0"
    "@emotion/serialize" "^0.11.3"
    "@emotion/sheet" "0.9.2"
    "@emotion/utils" "0.11.1"

csstype@^2.5.7:
  version "2.6.0"
  resolved "https://registry.yarnpkg.com/csstype/-/csstype-2.6.0.tgz#6cf7b2fa7fc32aab3d746802c244d4eda71371a2"
  integrity sha512-by8hi8BlLbowQq0qtkx54d9aN73R9oUW20HISpka5kmgsR9F7nnxgfsemuR2sdCKZh+CDNf5egW9UZMm4mgJRg==

dom-helpers@^3.3.1:
  version "3.4.0"
  resolved "https://registry.yarnpkg.com/dom-helpers/-/dom-helpers-3.4.0.tgz#e9b369700f959f62ecde5a6babde4bccd9169af8"
  integrity sha512-LnuPJ+dwqKDIyotW1VzmOZ5TONUN7CwkCR5hrgawTUbkBGYdeoNLZo6nNfGkCrjtE1nXXaj7iMMpDa8/d9WoIA==
  dependencies:
    "@babel/runtime" "^7.1.2"

"js-tokens@^3.0.0 || ^4.0.0":
  version "4.0.0"
  resolved "https://registry.yarnpkg.com/js-tokens/-/js-tokens-4.0.0.tgz#19203fb59991df98e3a287050d4647cdeaf32499"
  integrity sha512-RdJUflcE3cUzKiMqQgsCu06FPu9UdIJO0beYbPhHN4k6apgJtifcoCtT9bcxOpYBtpD2kCM6Sbzg4CausW/PKQ==

loose-envify@^1.3.1, loose-envify@^1.4.0:
  version "1.4.0"
  resolved "https://registry.yarnpkg.com/loose-envify/-/loose-envify-1.4.0.tgz#71ee51fa7be4caec1a63839f7e682d8132d30caf"
  integrity sha512-lyuxPGr/Wfhrlem2CL/UcnUc1zcqKAImBDzukY7Y5F/yQiNdko6+fRLevlw1HgMySw7f611UIY408EtxRSoK3Q==
  dependencies:
    js-tokens "^3.0.0 || ^4.0.0"

memoize-one@^4.0.0:
  version "4.1.0"
  resolved "https://registry.yarnpkg.com/memoize-one/-/memoize-one-4.1.0.tgz#a2387c58c03fff27ca390c31b764a79addf3f906"
  integrity sha512-2GApq0yI/b22J2j9rhbrAlsHb0Qcz+7yWxeLG8h+95sl1XPUgeLimQSOdur4Vw7cUhrBHwaUZxWFZueojqNRzA==

object-assign@^4.1.1:
  version "4.1.1"
  resolved "https://registry.yarnpkg.com/object-assign/-/object-assign-4.1.1.tgz#2109adc7965887cfc05cbbd442cac8bfbb360863"
  integrity sha1-IQmtx5ZYh8/AXLvUQsrIv7s2CGM=

performance-now@^2.1.0:
  version "2.1.0"
  resolved "https://registry.yarnpkg.com/performance-now/-/performance-now-2.1.0.tgz#6309f4e0e5fa913ec1c69307ae364b4b377c9e7b"
  integrity sha1-Ywn04OX6kT7BxpMHrjZLSzd8nns=

prop-types@^15.5.8, prop-types@^15.6.0, prop-types@^15.6.2:
  version "15.6.2"
  resolved "https://registry.yarnpkg.com/prop-types/-/prop-types-15.6.2.tgz#05d5ca77b4453e985d60fc7ff8c859094a497102"
  integrity sha512-3pboPvLiWD7dkI3qf3KbUe6hKFKa52w+AE0VCqECtf+QHAKgOL37tTaNCnuX1nAAQ4ZhyP+kYVKf8rLmJ/feDQ==
  dependencies:
    loose-envify "^1.3.1"
    object-assign "^4.1.1"

raf@^3.4.0:
  version "3.4.1"
  resolved "https://registry.yarnpkg.com/raf/-/raf-3.4.1.tgz#0742e99a4a6552f445d73e3ee0328af0ff1ede39"
  integrity sha512-Sq4CW4QhwOHE8ucn6J34MqtZCeWFP2aQSmrlroYgqAV1PjStIhJXxYuTgUIfkEk7zTLjmIjLmU5q+fbD1NnOJA==
  dependencies:
    performance-now "^2.1.0"

react-input-autosize@^2.2.1:
  version "2.2.1"
  resolved "https://registry.yarnpkg.com/react-input-autosize/-/react-input-autosize-2.2.1.tgz#ec428fa15b1592994fb5f9aa15bb1eb6baf420f8"
  integrity sha512-3+K4CD13iE4lQQ2WlF8PuV5htfmTRLH6MDnfndHM6LuBRszuXnuyIfE7nhSKt8AzRBZ50bu0sAhkNMeS5pxQQA==
  dependencies:
    prop-types "^15.5.8"

react-lifecycles-compat@^3.0.4:
  version "3.0.4"
  resolved "https://registry.yarnpkg.com/react-lifecycles-compat/-/react-lifecycles-compat-3.0.4.tgz#4f1a273afdfc8f3488a8c516bfda78f872352362"
  integrity sha512-fBASbA6LnOU9dOU2eW7aQ8xmYBSXUIWr+UmF9b1efZBazGNO+rcXT/icdKnYm2pTwcRylVUYwW7H1PHfLekVzA==

react-select@^2.2.0:
  version "2.2.0"
  resolved "https://registry.yarnpkg.com/react-select/-/react-select-2.2.0.tgz#67c8b5c2dcb8df0384f2a103efe952570f5d6b93"
  integrity sha512-FOnsm/zrJ2pZvYsEfs58Xvru0SHL1jXAZTCFTWcOxmQSnRKgYuXUDFdpDiET90GLtJEF+t6BaZeD43bUH6/NZQ==
  dependencies:
    classnames "^2.2.5"
    create-emotion "^10.0.4"
    memoize-one "^4.0.0"
    prop-types "^15.6.0"
    raf "^3.4.0"
    react-input-autosize "^2.2.1"
    react-transition-group "^2.2.1"

react-transition-group@^2.2.1:
  version "2.5.2"
  resolved "https://registry.yarnpkg.com/react-transition-group/-/react-transition-group-2.5.2.tgz#9457166a9ba6ce697a3e1b076b3c049b9fb2c408"
  integrity sha512-vwHP++S+f6KL7rg8V1mfs62+MBKtbMeZDR8KiNmD7v98Gs3UPGsDZDahPJH2PVprFW5YHJfh6cbNim3zPndaSQ==
  dependencies:
    dom-helpers "^3.3.1"
    loose-envify "^1.4.0"
    prop-types "^15.6.2"
    react-lifecycles-compat "^3.0.4"

regenerator-runtime@^0.12.0:
  version "0.12.1"
  resolved "https://registry.yarnpkg.com/regenerator-runtime/-/regenerator-runtime-0.12.1.tgz#fa1a71544764c036f8c49b13a08b2594c9f8a0de"
  integrity sha512-odxIc1/vDlo4iZcfXqRYFj0vpXFNoGdKMAUieAlFYO6m/nl5e9KR/beGf41z4a1FI+aQgtjhuaSlDxQ0hmkrHg==
