{
  "name": "@connext/client",
  "version": "0.0.1",
  "lockfileVersion": 1,
  "requires": true,
  "dependencies": {
    "@counterfactual/types": {
      "version": "0.0.16",
      "resolved": "https://registry.npmjs.org/@counterfactual/types/-/types-0.0.16.tgz",
      "integrity": "sha512-Q4ewdWKWT1icv9YLKMH0rs39LkXqigoHb0ZHQDQnXR6uKm+AWCclaIylGgqsCKwSde0R96KF/Tv2QJJQgaHp4g==",
      "dev": true
    }
  }
}
