{
	"name": "@connext/client",
	"version": "0.0.18",
	"lockfileVersion": 1,
	"requires": true,
	"dependencies": {
		"@types/jest": {
			"version": "24.0.18",
			"resolved": "https://registry.npmjs.org/@types/jest/-/jest-24.0.18.tgz",
			"integrity": "sha512-jcDDXdjTcrQzdN06+TSVsPPqxvsZA/5QkYfIZlq1JMw7FdP5AZylbOc+6B/cuDurctRe+MziUMtQ3xQdrbjqyQ==",
			"dev": true,
			"requires": {
				"@types/jest-diff": "*"
			},
			"dependencies": {
				"@types/jest-diff": {
					"version": "20.0.1",
					"resolved": "https://registry.npmjs.org/@types/jest-diff/-/jest-diff-20.0.1.tgz",
					"integrity": "sha512-yALhelO3i0hqZwhjtcr6dYyaLoCHbAMshwtj6cGxTvHZAKXHsYGdff6E8EPw3xLKY0ELUTQ69Q1rQiJENnccMA==",
					"dev": true
				}
			}
		}
	}
}
