{
  "name": "@connext/client",
  "version": "0.1.11",
  "lockfileVersion": 1,
  "requires": true,
  "dependencies": {
    "@connext/messaging": {
      "version": "0.1.11",
      "requires": {
        "ts-nats": "1.2.4",
        "websocket-nats": "0.3.3"
      },
      "dependencies": {
        "nuid": {
          "version": "1.1.0",
          "resolved": "https://registry.npmjs.org/nuid/-/nuid-1.1.0.tgz",
          "integrity": "sha512-C/JdZ6PtCqKsCEs4ni76nhBsdmuQgLAT/CTLNprkcLViDAnkk7qx5sSA8PVC2vmSsdBlSsFuGb52v6pwn1oaeg=="
        },
        "ts-nats": {
          "version": "1.2.4",
          "resolved": "https://registry.npmjs.org/ts-nats/-/ts-nats-1.2.4.tgz",
          "integrity": "sha512-bIC+PlwHplRqhooa9kE+QPcQ9RPGUXD2ruvdf6LoFpP6MjE6exVoRhYSydm0e5wk7VfuXpTbH1NoopTKHwlOKA==",
          "requires": {
            "nuid": "^1.1.0",
            "ts-nkeys": "^1.0.12"
          }
        },
        "ts-nkeys": {
          "version": "1.0.12",
          "resolved": "https://registry.npmjs.org/ts-nkeys/-/ts-nkeys-1.0.12.tgz",
          "integrity": "sha512-5TgA+wbfxTy/9pdSuAhvneuL65KKoI7phonzNQH2UhnorAQAWehUwHNLEuli596wu/Fxh0SAhMeKZVLNx4s7Ow==",
          "requires": {
            "tweetnacl": "^1.0.1"
          }
        },
        "tweetnacl": {
          "version": "1.0.1",
          "resolved": "https://registry.npmjs.org/tweetnacl/-/tweetnacl-1.0.1.tgz",
          "integrity": "sha512-kcoMoKTPYnoeS50tzoqjPY3Uv9axeuuFAZY9M/9zFnhoVvRfxz9K29IMPD7jGmt2c8SW7i3gT9WqDl2+nV7p4A=="
        },
        "websocket-nats": {
          "version": "0.3.3",
          "resolved": "https://registry.npmjs.org/websocket-nats/-/websocket-nats-0.3.3.tgz",
          "integrity": "sha1-igSTvVuXyvH4VzmDuu2HFTmVI+8=",
          "requires": {
            "nuid": "^0.6.8"
          },
          "dependencies": {
            "nuid": {
              "version": "0.6.14",
              "resolved": "https://registry.npmjs.org/nuid/-/nuid-0.6.14.tgz",
              "integrity": "sha1-oiXItyDkbFY62NE2QTaGafbCW0g="
            }
          }
        }
      }
    },
    "@connext/proxy-lock": {
      "version": "0.1.11",
      "requires": {
        "@connext/messaging": "0.1.11",
        "@counterfactual/types": "0.0.42",
        "uuid": "3.3.3"
      },
      "dependencies": {
        "@connext/messaging": {
          "version": "0.1.11",
          "requires": {
            "ts-nats": "1.2.4",
            "websocket-nats": "0.3.3"
          },
          "dependencies": {
            "nuid": {
              "version": "1.1.0",
              "resolved": "https://registry.npmjs.org/nuid/-/nuid-1.1.0.tgz",
              "integrity": "sha512-C/JdZ6PtCqKsCEs4ni76nhBsdmuQgLAT/CTLNprkcLViDAnkk7qx5sSA8PVC2vmSsdBlSsFuGb52v6pwn1oaeg=="
            },
            "ts-nats": {
              "version": "1.2.4",
              "resolved": "https://registry.npmjs.org/ts-nats/-/ts-nats-1.2.4.tgz",
              "integrity": "sha512-bIC+PlwHplRqhooa9kE+QPcQ9RPGUXD2ruvdf6LoFpP6MjE6exVoRhYSydm0e5wk7VfuXpTbH1NoopTKHwlOKA==",
              "requires": {
                "nuid": "^1.1.0",
                "ts-nkeys": "^1.0.12"
              }
            },
            "ts-nkeys": {
              "version": "1.0.12",
              "resolved": "https://registry.npmjs.org/ts-nkeys/-/ts-nkeys-1.0.12.tgz",
              "integrity": "sha512-5TgA+wbfxTy/9pdSuAhvneuL65KKoI7phonzNQH2UhnorAQAWehUwHNLEuli596wu/Fxh0SAhMeKZVLNx4s7Ow==",
              "requires": {
                "tweetnacl": "^1.0.1"
              }
            },
            "tweetnacl": {
              "version": "1.0.1",
              "resolved": "https://registry.npmjs.org/tweetnacl/-/tweetnacl-1.0.1.tgz",
              "integrity": "sha512-kcoMoKTPYnoeS50tzoqjPY3Uv9axeuuFAZY9M/9zFnhoVvRfxz9K29IMPD7jGmt2c8SW7i3gT9WqDl2+nV7p4A=="
            },
            "websocket-nats": {
              "version": "0.3.3",
              "resolved": "https://registry.npmjs.org/websocket-nats/-/websocket-nats-0.3.3.tgz",
              "integrity": "sha1-igSTvVuXyvH4VzmDuu2HFTmVI+8=",
              "requires": {
                "nuid": "^0.6.8"
              },
              "dependencies": {}
            }
          }
        },
        "@counterfactual/types": {
          "version": "0.0.42",
          "resolved": "https://registry.npmjs.org/@counterfactual/types/-/types-0.0.42.tgz",
          "integrity": "sha512-xwXcvtapYu8Xjt/+rTtvvcWVFoXLFKhYUz83H8XW/PPOJlHKSBQHdl1k7ptdIVCs9cjNoGf8bOaG7Me5FVZeiw=="
        },
        "uuid": {
          "version": "3.3.3",
          "resolved": "https://registry.npmjs.org/uuid/-/uuid-3.3.3.tgz",
          "integrity": "sha512-pW0No1RGHgzlpHJO1nsVrHKpOEIxkGg1xB+v0ZmdNH5OAeAwzAVrCnI2/6Mtx+Uys6iaylxa+D3g4j63IKKjSQ=="
        }
      }
    },
    "@connext/types": {
      "version": "0.1.11",
      "requires": {
        "@connext/messaging": "0.1.11",
        "@counterfactual/types": "0.0.42",
        "ethers": "4.0.37"
      },
      "dependencies": {
        "@connext/messaging": {
          "version": "0.1.11",
          "requires": {
            "ts-nats": "1.2.4",
            "websocket-nats": "0.3.3"
          },
          "dependencies": {
            "nuid": {
              "version": "1.1.0",
              "resolved": "https://registry.npmjs.org/nuid/-/nuid-1.1.0.tgz",
              "integrity": "sha512-C/JdZ6PtCqKsCEs4ni76nhBsdmuQgLAT/CTLNprkcLViDAnkk7qx5sSA8PVC2vmSsdBlSsFuGb52v6pwn1oaeg=="
            },
            "ts-nats": {
              "version": "1.2.4",
              "resolved": "https://registry.npmjs.org/ts-nats/-/ts-nats-1.2.4.tgz",
              "integrity": "sha512-bIC+PlwHplRqhooa9kE+QPcQ9RPGUXD2ruvdf6LoFpP6MjE6exVoRhYSydm0e5wk7VfuXpTbH1NoopTKHwlOKA==",
              "requires": {
                "nuid": "^1.1.0",
                "ts-nkeys": "^1.0.12"
              }
            },
            "ts-nkeys": {
              "version": "1.0.12",
              "resolved": "https://registry.npmjs.org/ts-nkeys/-/ts-nkeys-1.0.12.tgz",
              "integrity": "sha512-5TgA+wbfxTy/9pdSuAhvneuL65KKoI7phonzNQH2UhnorAQAWehUwHNLEuli596wu/Fxh0SAhMeKZVLNx4s7Ow==",
              "requires": {
                "tweetnacl": "^1.0.1"
              }
            },
            "tweetnacl": {
              "version": "1.0.1",
              "resolved": "https://registry.npmjs.org/tweetnacl/-/tweetnacl-1.0.1.tgz",
              "integrity": "sha512-kcoMoKTPYnoeS50tzoqjPY3Uv9axeuuFAZY9M/9zFnhoVvRfxz9K29IMPD7jGmt2c8SW7i3gT9WqDl2+nV7p4A=="
            },
            "websocket-nats": {
              "version": "0.3.3",
              "resolved": "https://registry.npmjs.org/websocket-nats/-/websocket-nats-0.3.3.tgz",
              "integrity": "sha1-igSTvVuXyvH4VzmDuu2HFTmVI+8=",
              "requires": {
                "nuid": "^0.6.8"
              },
              "dependencies": {}
            }
          }
        },
        "@counterfactual/types": {
          "version": "0.0.42",
          "resolved": "https://registry.npmjs.org/@counterfactual/types/-/types-0.0.42.tgz",
          "integrity": "sha512-xwXcvtapYu8Xjt/+rTtvvcWVFoXLFKhYUz83H8XW/PPOJlHKSBQHdl1k7ptdIVCs9cjNoGf8bOaG7Me5FVZeiw=="
        },
        "@types/node": {
          "version": "10.14.19",
          "resolved": "https://registry.npmjs.org/@types/node/-/node-10.14.19.tgz",
          "integrity": "sha512-j6Sqt38ssdMKutXBUuAcmWF8QtHW1Fwz/mz4Y+Wd9mzpBiVFirjpNQf363hG5itkG+yGaD+oiLyb50HxJ36l9Q=="
        },
        "aes-js": {
          "version": "3.0.0",
          "resolved": "https://registry.npmjs.org/aes-js/-/aes-js-3.0.0.tgz",
          "integrity": "sha1-4h3xCtbCBTKVvLuNq0Cwnb6ofk0="
        },
        "bn.js": {
          "version": "4.11.8",
          "resolved": "https://registry.npmjs.org/bn.js/-/bn.js-4.11.8.tgz",
          "integrity": "sha512-ItfYfPLkWHUjckQCk8xC+LwxgK8NYcXywGigJgSwOP8Y2iyWT4f2vsZnoOXTTbo+o5yXmIUJ4gn5538SO5S3gA=="
        },
        "brorand": {
          "version": "1.1.0",
          "resolved": "https://registry.npmjs.org/brorand/-/brorand-1.1.0.tgz",
          "integrity": "sha1-EsJe/kCkXjwyPrhnWgoM5XsiNx8="
        },
        "elliptic": {
          "version": "6.3.3",
          "resolved": "https://registry.npmjs.org/elliptic/-/elliptic-6.3.3.tgz",
          "integrity": "sha1-VILZZG1UvLif19mU/J4ulWiHbj8=",
          "requires": {
            "bn.js": "^4.4.0",
            "brorand": "^1.0.1",
            "hash.js": "^1.0.0",
            "inherits": "^2.0.1"
          }
        },
        "ethers": {
          "version": "4.0.37",
          "resolved": "https://registry.npmjs.org/ethers/-/ethers-4.0.37.tgz",
          "integrity": "sha512-B7bDdyQ45A5lPr6k2HOkEKMtYOuqlfy+nNf8glnRvWidkDQnToKw1bv7UyrwlbsIgY2mE03UxTVtouXcT6Vvcw==",
          "requires": {
            "@types/node": "^10.3.2",
            "aes-js": "3.0.0",
            "bn.js": "^4.4.0",
            "elliptic": "6.3.3",
            "hash.js": "1.1.3",
            "js-sha3": "0.5.7",
            "scrypt-js": "2.0.4",
            "setimmediate": "1.0.4",
            "uuid": "2.0.1",
            "xmlhttprequest": "1.8.0"
          }
        },
        "hash.js": {
          "version": "1.1.3",
          "resolved": "https://registry.npmjs.org/hash.js/-/hash.js-1.1.3.tgz",
          "integrity": "sha512-/UETyP0W22QILqS+6HowevwhEFJ3MBJnwTf75Qob9Wz9t0DPuisL8kW8YZMK62dHAKE1c1p+gY1TtOLY+USEHA==",
          "requires": {
            "inherits": "^2.0.3",
            "minimalistic-assert": "^1.0.0"
          }
        },
        "inherits": {
          "version": "2.0.4",
          "resolved": "https://registry.npmjs.org/inherits/-/inherits-2.0.4.tgz",
          "integrity": "sha512-k/vGaX4/Yla3WzyMCvTQOXYeIHvqOKtnqBduzTHpzpQZzAskKMhZ2K+EnBiSM9zGSoIFeMpXKxa4dYeZIQqewQ=="
        },
        "js-sha3": {
          "version": "0.5.7",
          "resolved": "https://registry.npmjs.org/js-sha3/-/js-sha3-0.5.7.tgz",
          "integrity": "sha1-DU/9gALVMzqrr0oj7tL2N0yfKOc="
        },
        "minimalistic-assert": {
          "version": "1.0.1",
          "resolved": "https://registry.npmjs.org/minimalistic-assert/-/minimalistic-assert-1.0.1.tgz",
          "integrity": "sha512-UtJcAD4yEaGtjPezWuO9wC4nwUnVH/8/Im3yEHQP4b67cXlD/Qr9hdITCU1xDbSEXg2XKNaP8jsReV7vQd00/A=="
        },
        "scrypt-js": {
          "version": "2.0.4",
          "resolved": "https://registry.npmjs.org/scrypt-js/-/scrypt-js-2.0.4.tgz",
          "integrity": "sha512-4KsaGcPnuhtCZQCxFxN3GVYIhKFPTdLd8PLC552XwbMndtD0cjRFAhDuuydXQ0h08ZfPgzqe6EKHozpuH74iDw=="
        },
        "setimmediate": {
          "version": "1.0.4",
          "resolved": "https://registry.npmjs.org/setimmediate/-/setimmediate-1.0.4.tgz",
          "integrity": "sha1-IOgd5iLUoCWIzgyNqJc8vPHTE48="
        },
        "uuid": {
          "version": "2.0.1",
          "resolved": "https://registry.npmjs.org/uuid/-/uuid-2.0.1.tgz",
          "integrity": "sha1-wqMN7bPlNdcsz4LjQ5QaULqFM6w="
        },
        "xmlhttprequest": {
          "version": "1.8.0",
          "resolved": "https://registry.npmjs.org/xmlhttprequest/-/xmlhttprequest-1.8.0.tgz",
          "integrity": "sha1-Z/4HXFwk/vOfnWX197f+dRcZaPw="
        }
      }
    },
    "@types/bn.js": {
      "version": "4.11.5",
      "resolved": "https://registry.npmjs.org/@types/bn.js/-/bn.js-4.11.5.tgz",
      "integrity": "sha512-AEAZcIZga0JgVMHNtl1CprA/hXX7/wPt79AgR4XqaDt7jyj3QWYw6LPoOiznPtugDmlubUnAahMs2PFxGcQrng==",
      "requires": {
        "@types/node": "*"
      }
    },
    "@types/node": {
      "version": "12.7.8",
      "resolved": "https://registry.npmjs.org/@types/node/-/node-12.7.8.tgz",
      "integrity": "sha512-FMdVn84tJJdV+xe+53sYiZS4R5yn1mAIxfj+DVoNiQjTYz1+OYmjwEZr1ev9nU0axXwda0QDbYl06QHanRVH3A=="
    },
    "acorn": {
      "version": "7.1.0",
      "resolved": "https://registry.npmjs.org/acorn/-/acorn-7.1.0.tgz",
      "integrity": "sha512-kL5CuoXA/dgxlBbVrflsflzQ3PAas7RYZB52NOm/6839iVYJgKMJ3cQJD+t2i5+qFa8h3MDpEOJiS64E8JLnSQ=="
    },
    "aes-js": {
      "version": "3.0.0",
      "resolved": "https://registry.npmjs.org/aes-js/-/aes-js-3.0.0.tgz",
      "integrity": "sha1-4h3xCtbCBTKVvLuNq0Cwnb6ofk0="
    },
    "babel-runtime": {
      "version": "6.26.0",
      "resolved": "https://registry.npmjs.org/babel-runtime/-/babel-runtime-6.26.0.tgz",
      "integrity": "sha1-llxwWGaOgrVde/4E/yM3vItWR/4=",
      "requires": {
        "core-js": "^2.4.0",
        "regenerator-runtime": "^0.11.0"
      },
      "dependencies": {
        "core-js": {
          "version": "2.6.9",
          "resolved": "https://registry.npmjs.org/core-js/-/core-js-2.6.9.tgz",
          "integrity": "sha512-HOpZf6eXmnl7la+cUdMnLvUxKNqLUzJvgIziQ0DiF3JwSImNphIqdGqzj6hIKyX04MmV0poclQ7+wjWvxQyR2A=="
        },
        "regenerator-runtime": {
          "version": "0.11.1",
          "resolved": "https://registry.npmjs.org/regenerator-runtime/-/regenerator-runtime-0.11.1.tgz",
          "integrity": "sha512-MguG95oij0fC3QV3URf4V2SDYGJhJnJGqvIIgdECeODCT98wSWDAJ94SSuVpYQUoTcGUIL6L4yNB7j1DFFHSBg=="
        }
      }
    },
    "bindings": {
      "version": "1.5.0",
      "resolved": "https://registry.npmjs.org/bindings/-/bindings-1.5.0.tgz",
      "integrity": "sha512-p2q/t/mhvuOj/UeLlV6566GD/guowlr0hHxClI0W9m7MWYkL1F0hLo+0Aexs9HSPCtR1SXQ0TD3MMKrXZajbiQ==",
      "requires": {
        "file-uri-to-path": "1.0.0"
      }
    },
    "bip66": {
      "version": "1.1.5",
      "resolved": "https://registry.npmjs.org/bip66/-/bip66-1.1.5.tgz",
      "integrity": "sha1-AfqHSHhcpwlV1QESF9GzE5lpyiI=",
      "requires": {
        "safe-buffer": "^5.0.1"
      }
    },
    "bn.js": {
      "version": "4.11.8",
      "resolved": "https://registry.npmjs.org/bn.js/-/bn.js-4.11.8.tgz",
      "integrity": "sha512-ItfYfPLkWHUjckQCk8xC+LwxgK8NYcXywGigJgSwOP8Y2iyWT4f2vsZnoOXTTbo+o5yXmIUJ4gn5538SO5S3gA=="
    },
    "brorand": {
      "version": "1.1.0",
      "resolved": "https://registry.npmjs.org/brorand/-/brorand-1.1.0.tgz",
      "integrity": "sha1-EsJe/kCkXjwyPrhnWgoM5XsiNx8="
    },
    "browserify-aes": {
      "version": "1.2.0",
      "resolved": "https://registry.npmjs.org/browserify-aes/-/browserify-aes-1.2.0.tgz",
      "integrity": "sha512-+7CHXqGuspUn/Sl5aO7Ea0xWGAtETPXNSAjHo48JfLdPWcMng33Xe4znFvQweqc/uzk5zSOI3H52CYnjCfb5hA==",
      "requires": {
        "buffer-xor": "^1.0.3",
        "cipher-base": "^1.0.0",
        "create-hash": "^1.1.0",
        "evp_bytestokey": "^1.0.3",
        "inherits": "^2.0.1",
        "safe-buffer": "^5.0.1"
      }
    },
    "buffer-to-arraybuffer": {
      "version": "0.0.5",
      "resolved": "https://registry.npmjs.org/buffer-to-arraybuffer/-/buffer-to-arraybuffer-0.0.5.tgz",
      "integrity": "sha1-YGSkD6dutDxyOrqe+PbhIW0QURo="
    },
    "buffer-xor": {
      "version": "1.0.3",
      "resolved": "https://registry.npmjs.org/buffer-xor/-/buffer-xor-1.0.3.tgz",
      "integrity": "sha1-JuYe0UIvtw3ULm42cp7VHYVf6Nk="
    },
    "cipher-base": {
      "version": "1.0.4",
      "resolved": "https://registry.npmjs.org/cipher-base/-/cipher-base-1.0.4.tgz",
      "integrity": "sha512-Kkht5ye6ZGmwv40uUDZztayT2ThLQGfnj/T71N/XzeZeo3nf8foyW7zGTsPYkEya3m5f3cAypH+qe7YOrM1U2Q==",
      "requires": {
        "inherits": "^2.0.1",
        "safe-buffer": "^5.0.1"
      }
    },
    "create-hash": {
      "version": "1.2.0",
      "resolved": "https://registry.npmjs.org/create-hash/-/create-hash-1.2.0.tgz",
      "integrity": "sha512-z00bCGNHDG8mHAkP7CtT1qVu+bFQUPjYq/4Iv3C3kWjTFV10zIjfSoeqXo9Asws8gwSHDGj/hl2u4OGIjapeCg==",
      "requires": {
        "cipher-base": "^1.0.1",
        "inherits": "^2.0.1",
        "md5.js": "^1.3.4",
        "ripemd160": "^2.0.1",
        "sha.js": "^2.4.0"
      }
    },
    "create-hmac": {
      "version": "1.1.7",
      "resolved": "https://registry.npmjs.org/create-hmac/-/create-hmac-1.1.7.tgz",
      "integrity": "sha512-MJG9liiZ+ogc4TzUwuvbER1JRdgvUFSB5+VR/g5h82fGaIRWMWddtKBHi7/sVhfjQZ6SehlyhvQYrcYkaUIpLg==",
      "requires": {
        "cipher-base": "^1.0.3",
        "create-hash": "^1.1.0",
        "inherits": "^2.0.1",
        "ripemd160": "^2.0.0",
        "safe-buffer": "^5.0.1",
        "sha.js": "^2.4.8"
      }
    },
    "decode-uri-component": {
      "version": "0.2.0",
      "resolved": "https://registry.npmjs.org/decode-uri-component/-/decode-uri-component-0.2.0.tgz",
      "integrity": "sha1-6zkTMzRYd1y4TNGh+uBiEGu4dUU="
    },
    "decompress-response": {
      "version": "3.3.0",
      "resolved": "https://registry.npmjs.org/decompress-response/-/decompress-response-3.3.0.tgz",
      "integrity": "sha1-gKTdMjdIOEv6JICDYirt7Jgq3/M=",
      "requires": {
        "mimic-response": "^1.0.0"
      }
    },
    "define-properties": {
      "version": "1.1.3",
      "resolved": "https://registry.npmjs.org/define-properties/-/define-properties-1.1.3.tgz",
      "integrity": "sha512-3MqfYKj2lLzdMSf8ZIZE/V+Zuy+BgD6f164e8K2w7dgnpKArBDerGYpM46IYYcjnkdPNMjPk9A6VFB8+3SKlXQ==",
      "requires": {
        "object-keys": "^1.0.12"
      }
    },
    "dom-walk": {
      "version": "0.1.1",
      "resolved": "https://registry.npmjs.org/dom-walk/-/dom-walk-0.1.1.tgz",
      "integrity": "sha1-ZyIm3HTI95mtNTB9+TaroRrNYBg="
    },
    "drbg.js": {
      "version": "1.0.1",
      "resolved": "https://registry.npmjs.org/drbg.js/-/drbg.js-1.0.1.tgz",
      "integrity": "sha1-Pja2xCs3BDgjzbwzLVjzHiRFSAs=",
      "requires": {
        "browserify-aes": "^1.0.6",
        "create-hash": "^1.1.2",
        "create-hmac": "^1.1.4"
      }
    },
    "eccrypto": {
      "version": "1.1.2",
      "resolved": "https://registry.npmjs.org/eccrypto/-/eccrypto-1.1.2.tgz",
      "integrity": "sha512-4z/uF18h2TFdqqtFSUvlwRD9epzmeEEUZ4nVMv3ox+jy+V7AxU9s3nLoEDDbptTUlkAbAp5bPfhaS7H4naoFqg==",
      "requires": {
        "acorn": "7.1.0",
        "elliptic": "6.5.1",
        "es6-promise": "4.2.8",
        "nan": "2.14.0",
        "secp256k1": "3.7.1"
      }
    },
    "elliptic": {
      "version": "6.5.1",
      "resolved": "https://registry.npmjs.org/elliptic/-/elliptic-6.5.1.tgz",
      "integrity": "sha512-xvJINNLbTeWQjrl6X+7eQCrIy/YPv5XCpKW6kB5mKvtnGILoLDcySuwomfdzt0BMdLNVnuRNTuzKNHj0bva1Cg==",
      "requires": {
        "bn.js": "^4.4.0",
        "brorand": "^1.0.1",
        "hash.js": "^1.0.0",
        "hmac-drbg": "^1.0.0",
        "inherits": "^2.0.1",
        "minimalistic-assert": "^1.0.0",
        "minimalistic-crypto-utils": "^1.0.0"
      }
    },
    "es-abstract": {
      "version": "1.14.2",
      "resolved": "https://registry.npmjs.org/es-abstract/-/es-abstract-1.14.2.tgz",
      "integrity": "sha512-DgoQmbpFNOofkjJtKwr87Ma5EW4Dc8fWhD0R+ndq7Oc456ivUfGOOP6oAZTTKl5/CcNMP+EN+e3/iUzgE0veZg==",
      "requires": {
        "es-to-primitive": "^1.2.0",
        "function-bind": "^1.1.1",
        "has": "^1.0.3",
        "has-symbols": "^1.0.0",
        "is-callable": "^1.1.4",
        "is-regex": "^1.0.4",
        "object-inspect": "^1.6.0",
        "object-keys": "^1.1.1",
        "string.prototype.trimleft": "^2.0.0",
        "string.prototype.trimright": "^2.0.0"
      }
    },
    "es-to-primitive": {
      "version": "1.2.0",
      "resolved": "https://registry.npmjs.org/es-to-primitive/-/es-to-primitive-1.2.0.tgz",
      "integrity": "sha512-qZryBOJjV//LaxLTV6UC//WewneB3LcXOL9NP++ozKVXsIIIpm/2c13UDiD9Jp2eThsecw9m3jPqDwTyobcdbg==",
      "requires": {
        "is-callable": "^1.1.4",
        "is-date-object": "^1.0.1",
        "is-symbol": "^1.0.2"
      }
    },
    "es6-promise": {
      "version": "4.2.8",
      "resolved": "https://registry.npmjs.org/es6-promise/-/es6-promise-4.2.8.tgz",
      "integrity": "sha512-HJDGx5daxeIvxdBxvG2cb9g4tEvwIk3i8+nhX0yGrYmZUzbkdg8QbDevheDB8gd0//uPj4c1EQua8Q+MViT0/w=="
    },
    "eth-crypto": {
      "version": "1.5.0",
      "resolved": "https://registry.npmjs.org/eth-crypto/-/eth-crypto-1.5.0.tgz",
      "integrity": "sha512-BSTlT/dnyB8it3MBDf1X/RCwVjbah44KYgPZNxIBpXRr7jEIXe1eF8h6ShXT+a3mpCb7SWd9aczhSB4KioCSZw==",
      "requires": {
        "@types/bn.js": "4.11.5",
        "babel-runtime": "6.26.0",
        "eccrypto": "1.1.2",
        "eth-lib": "0.2.8",
        "ethereumjs-tx": "2.1.1",
        "ethereumjs-util": "6.1.0",
        "ethers": "4.0.37",
        "secp256k1": "3.7.1"
      },
      "dependencies": {
        "@types/node": {
          "version": "10.14.19",
          "resolved": "https://registry.npmjs.org/@types/node/-/node-10.14.19.tgz",
          "integrity": "sha512-j6Sqt38ssdMKutXBUuAcmWF8QtHW1Fwz/mz4Y+Wd9mzpBiVFirjpNQf363hG5itkG+yGaD+oiLyb50HxJ36l9Q=="
        },
        "elliptic": {
          "version": "6.3.3",
          "resolved": "https://registry.npmjs.org/elliptic/-/elliptic-6.3.3.tgz",
          "integrity": "sha1-VILZZG1UvLif19mU/J4ulWiHbj8=",
          "requires": {
            "bn.js": "^4.4.0",
            "brorand": "^1.0.1",
            "hash.js": "^1.0.0",
            "inherits": "^2.0.1"
          }
        },
        "ethers": {
          "version": "4.0.37",
          "resolved": "https://registry.npmjs.org/ethers/-/ethers-4.0.37.tgz",
          "integrity": "sha512-B7bDdyQ45A5lPr6k2HOkEKMtYOuqlfy+nNf8glnRvWidkDQnToKw1bv7UyrwlbsIgY2mE03UxTVtouXcT6Vvcw==",
          "requires": {
            "@types/node": "^10.3.2",
            "aes-js": "3.0.0",
            "bn.js": "^4.4.0",
            "elliptic": "6.3.3",
            "hash.js": "1.1.3",
            "js-sha3": "0.5.7",
            "scrypt-js": "2.0.4",
            "setimmediate": "1.0.4",
            "uuid": "2.0.1",
            "xmlhttprequest": "1.8.0"
          }
        },
        "hash.js": {
          "version": "1.1.3",
          "resolved": "https://registry.npmjs.org/hash.js/-/hash.js-1.1.3.tgz",
          "integrity": "sha512-/UETyP0W22QILqS+6HowevwhEFJ3MBJnwTf75Qob9Wz9t0DPuisL8kW8YZMK62dHAKE1c1p+gY1TtOLY+USEHA==",
          "requires": {
            "inherits": "^2.0.3",
            "minimalistic-assert": "^1.0.0"
          }
        },
        "uuid": {
          "version": "2.0.1",
          "resolved": "https://registry.npmjs.org/uuid/-/uuid-2.0.1.tgz",
          "integrity": "sha1-wqMN7bPlNdcsz4LjQ5QaULqFM6w="
        }
      }
    },
    "eth-lib": {
      "version": "0.2.8",
      "resolved": "https://registry.npmjs.org/eth-lib/-/eth-lib-0.2.8.tgz",
      "integrity": "sha512-ArJ7x1WcWOlSpzdoTBX8vkwlkSQ85CjjifSZtV4co64vWxSV8geWfPI9x4SVYu3DSxnX4yWFVTtGL+j9DUFLNw==",
      "requires": {
        "bn.js": "^4.11.6",
        "elliptic": "^6.4.0",
        "xhr-request-promise": "^0.1.2"
      }
    },
    "ethereumjs-common": {
      "version": "1.3.2",
      "resolved": "https://registry.npmjs.org/ethereumjs-common/-/ethereumjs-common-1.3.2.tgz",
      "integrity": "sha512-GkltYRIqBLzaZLmF/K3E+g9lZ4O4FL+TtpisAlD3N+UVlR+mrtoG+TvxavqVa6PwOY4nKIEMe5pl6MrTio3Lww=="
    },
    "ethereumjs-tx": {
      "version": "2.1.1",
      "resolved": "https://registry.npmjs.org/ethereumjs-tx/-/ethereumjs-tx-2.1.1.tgz",
      "integrity": "sha512-QtVriNqowCFA19X9BCRPMgdVNJ0/gMBS91TQb1DfrhsbR748g4STwxZptFAwfqehMyrF8rDwB23w87PQwru0wA==",
      "requires": {
        "ethereumjs-common": "^1.3.1",
        "ethereumjs-util": "^6.0.0"
      }
    },
    "ethereumjs-util": {
      "version": "6.1.0",
      "resolved": "https://registry.npmjs.org/ethereumjs-util/-/ethereumjs-util-6.1.0.tgz",
      "integrity": "sha512-URESKMFbDeJxnAxPppnk2fN6Y3BIatn9fwn76Lm8bQlt+s52TpG8dN9M66MLPuRAiAOIqL3dfwqWJf0sd0fL0Q==",
      "requires": {
        "bn.js": "^4.11.0",
        "create-hash": "^1.1.2",
        "ethjs-util": "0.1.6",
        "keccak": "^1.0.2",
        "rlp": "^2.0.0",
        "safe-buffer": "^5.1.1",
        "secp256k1": "^3.0.1"
      }
    },
    "ethjs-util": {
      "version": "0.1.6",
      "resolved": "https://registry.npmjs.org/ethjs-util/-/ethjs-util-0.1.6.tgz",
      "integrity": "sha512-CUnVOQq7gSpDHZVVrQW8ExxUETWrnrvXYvYz55wOU8Uj4VCgw56XC2B/fVqQN+f7gmrnRHSLVnFAwsCuNwji8w==",
      "requires": {
        "is-hex-prefixed": "1.0.0",
        "strip-hex-prefix": "1.0.0"
      }
    },
    "evp_bytestokey": {
      "version": "1.0.3",
      "resolved": "https://registry.npmjs.org/evp_bytestokey/-/evp_bytestokey-1.0.3.tgz",
      "integrity": "sha512-/f2Go4TognH/KvCISP7OUsHn85hT9nUkxxA9BEWxFn+Oj9o8ZNLm/40hdlgSLyuOimsrTKLUMEorQexp/aPQeA==",
      "requires": {
        "md5.js": "^1.3.4",
        "safe-buffer": "^5.1.1"
      }
    },
    "file-uri-to-path": {
      "version": "1.0.0",
      "resolved": "https://registry.npmjs.org/file-uri-to-path/-/file-uri-to-path-1.0.0.tgz",
      "integrity": "sha512-0Zt+s3L7Vf1biwWZ29aARiVYLx7iMGnEUl9x33fbB/j3jR81u/O2LbqK+Bm1CDSNDKVtJ/YjwY7TUd5SkeLQLw=="
    },
    "for-each": {
      "version": "0.3.3",
      "resolved": "https://registry.npmjs.org/for-each/-/for-each-0.3.3.tgz",
      "integrity": "sha512-jqYfLp7mo9vIyQf8ykW2v7A+2N4QjeCeI5+Dz9XraiO1ign81wjiH7Fb9vSOWvQfNtmSa4H2RoQTrrXivdUZmw==",
      "requires": {
        "is-callable": "^1.1.3"
      }
    },
    "function-bind": {
      "version": "1.1.1",
      "resolved": "https://registry.npmjs.org/function-bind/-/function-bind-1.1.1.tgz",
      "integrity": "sha512-yIovAzMX49sF8Yl58fSCWJ5svSLuaibPxXQJFLmBObTuCr0Mf1KiPopGM9NiFjiYBCbfaa2Fh6breQ6ANVTI0A=="
    },
    "global": {
      "version": "4.3.2",
      "resolved": "https://registry.npmjs.org/global/-/global-4.3.2.tgz",
      "integrity": "sha1-52mJJopsdMOJCLEwWxD8DjlOnQ8=",
      "requires": {
        "min-document": "^2.19.0",
        "process": "~0.5.1"
      }
    },
    "has": {
      "version": "1.0.3",
      "resolved": "https://registry.npmjs.org/has/-/has-1.0.3.tgz",
      "integrity": "sha512-f2dvO0VU6Oej7RkWJGrehjbzMAjFp5/VKPp5tTpWIV4JHHZK1/BxbFRtf/siA2SWTe09caDmVtYYzWEIbBS4zw==",
      "requires": {
        "function-bind": "^1.1.1"
      }
    },
    "has-symbols": {
      "version": "1.0.0",
      "resolved": "https://registry.npmjs.org/has-symbols/-/has-symbols-1.0.0.tgz",
      "integrity": "sha1-uhqPGvKg/DllD1yFA2dwQSIGO0Q="
    },
    "hash-base": {
      "version": "3.0.4",
      "resolved": "https://registry.npmjs.org/hash-base/-/hash-base-3.0.4.tgz",
      "integrity": "sha1-X8hoaEfs1zSZQDMZprCj8/auSRg=",
      "requires": {
        "inherits": "^2.0.1",
        "safe-buffer": "^5.0.1"
      }
    },
    "hash.js": {
      "version": "1.1.7",
      "resolved": "https://registry.npmjs.org/hash.js/-/hash.js-1.1.7.tgz",
      "integrity": "sha512-taOaskGt4z4SOANNseOviYDvjEJinIkRgmp7LbKP2YTTmVxWBl87s/uzK9r+44BclBSp2X7K1hqeNfz9JbBeXA==",
      "requires": {
        "inherits": "^2.0.3",
        "minimalistic-assert": "^1.0.1"
      }
    },
    "hmac-drbg": {
      "version": "1.0.1",
      "resolved": "https://registry.npmjs.org/hmac-drbg/-/hmac-drbg-1.0.1.tgz",
      "integrity": "sha1-0nRXAQJabHdabFRXk+1QL8DGSaE=",
      "requires": {
        "hash.js": "^1.0.3",
        "minimalistic-assert": "^1.0.0",
        "minimalistic-crypto-utils": "^1.0.1"
      }
    },
    "inherits": {
      "version": "2.0.4",
      "resolved": "https://registry.npmjs.org/inherits/-/inherits-2.0.4.tgz",
      "integrity": "sha512-k/vGaX4/Yla3WzyMCvTQOXYeIHvqOKtnqBduzTHpzpQZzAskKMhZ2K+EnBiSM9zGSoIFeMpXKxa4dYeZIQqewQ=="
    },
    "is-callable": {
      "version": "1.1.4",
      "resolved": "https://registry.npmjs.org/is-callable/-/is-callable-1.1.4.tgz",
      "integrity": "sha512-r5p9sxJjYnArLjObpjA4xu5EKI3CuKHkJXMhT7kwbpUyIFD1n5PMAsoPvWnvtZiNz7LjkYDRZhd7FlI0eMijEA=="
    },
    "is-date-object": {
      "version": "1.0.1",
      "resolved": "https://registry.npmjs.org/is-date-object/-/is-date-object-1.0.1.tgz",
      "integrity": "sha1-mqIOtq7rv/d/vTPnTKAbM1gdOhY="
    },
    "is-function": {
      "version": "1.0.1",
      "resolved": "https://registry.npmjs.org/is-function/-/is-function-1.0.1.tgz",
      "integrity": "sha1-Es+5i2W1fdPRk6MSH19uL0N2ArU="
    },
    "is-hex-prefixed": {
      "version": "1.0.0",
      "resolved": "https://registry.npmjs.org/is-hex-prefixed/-/is-hex-prefixed-1.0.0.tgz",
      "integrity": "sha1-fY035q135dEnFIkTxXPggtd39VQ="
    },
    "is-regex": {
      "version": "1.0.4",
      "resolved": "https://registry.npmjs.org/is-regex/-/is-regex-1.0.4.tgz",
      "integrity": "sha1-VRdIm1RwkbCTDglWVM7SXul+lJE=",
      "requires": {
        "has": "^1.0.1"
      }
    },
    "is-symbol": {
      "version": "1.0.2",
      "resolved": "https://registry.npmjs.org/is-symbol/-/is-symbol-1.0.2.tgz",
      "integrity": "sha512-HS8bZ9ox60yCJLH9snBpIwv9pYUAkcuLhSA1oero1UB5y9aiQpRA8y2ex945AOtCZL1lJDeIk3G5LthswI46Lw==",
      "requires": {
        "has-symbols": "^1.0.0"
      }
    },
    "js-sha3": {
      "version": "0.5.7",
      "resolved": "https://registry.npmjs.org/js-sha3/-/js-sha3-0.5.7.tgz",
      "integrity": "sha1-DU/9gALVMzqrr0oj7tL2N0yfKOc="
    },
    "keccak": {
      "version": "1.4.0",
      "resolved": "https://registry.npmjs.org/keccak/-/keccak-1.4.0.tgz",
      "integrity": "sha512-eZVaCpblK5formjPjeTBik7TAg+pqnDrMHIffSvi9Lh7PQgM1+hSzakUeZFCk9DVVG0dacZJuaz2ntwlzZUIBw==",
      "requires": {
        "bindings": "^1.2.1",
        "inherits": "^2.0.3",
        "nan": "^2.2.1",
        "safe-buffer": "^5.1.0"
      }
    },
    "md5.js": {
      "version": "1.3.5",
      "resolved": "https://registry.npmjs.org/md5.js/-/md5.js-1.3.5.tgz",
      "integrity": "sha512-xitP+WxNPcTTOgnTJcrhM0xvdPepipPSf3I8EIpGKeFLjt3PlJLIDG3u8EX53ZIubkb+5U2+3rELYpEhHhzdkg==",
      "requires": {
        "hash-base": "^3.0.0",
        "inherits": "^2.0.1",
        "safe-buffer": "^5.1.2"
      }
    },
    "mimic-response": {
      "version": "1.0.1",
      "resolved": "https://registry.npmjs.org/mimic-response/-/mimic-response-1.0.1.tgz",
      "integrity": "sha512-j5EctnkH7amfV/q5Hgmoal1g2QHFJRraOtmx0JpIqkxhBhI/lJSl1nMpQ45hVarwNETOoWEimndZ4QK0RHxuxQ=="
    },
    "min-document": {
      "version": "2.19.0",
      "resolved": "https://registry.npmjs.org/min-document/-/min-document-2.19.0.tgz",
      "integrity": "sha1-e9KC4/WELtKVu3SM3Z8f+iyCRoU=",
      "requires": {
        "dom-walk": "^0.1.0"
      }
    },
    "minimalistic-assert": {
      "version": "1.0.1",
      "resolved": "https://registry.npmjs.org/minimalistic-assert/-/minimalistic-assert-1.0.1.tgz",
      "integrity": "sha512-UtJcAD4yEaGtjPezWuO9wC4nwUnVH/8/Im3yEHQP4b67cXlD/Qr9hdITCU1xDbSEXg2XKNaP8jsReV7vQd00/A=="
    },
    "minimalistic-crypto-utils": {
      "version": "1.0.1",
      "resolved": "https://registry.npmjs.org/minimalistic-crypto-utils/-/minimalistic-crypto-utils-1.0.1.tgz",
      "integrity": "sha1-9sAMHAsIIkblxNmd+4x8CDsrWCo="
    },
    "nan": {
      "version": "2.14.0",
      "resolved": "https://registry.npmjs.org/nan/-/nan-2.14.0.tgz",
      "integrity": "sha512-INOFj37C7k3AfaNTtX8RhsTw7qRy7eLET14cROi9+5HAVbbHuIWUHEauBv5qT4Av2tWasiTY1Jw6puUNqRJXQg=="
    },
    "object-assign": {
      "version": "4.1.1",
      "resolved": "https://registry.npmjs.org/object-assign/-/object-assign-4.1.1.tgz",
      "integrity": "sha1-IQmtx5ZYh8/AXLvUQsrIv7s2CGM="
    },
    "object-inspect": {
      "version": "1.6.0",
      "resolved": "https://registry.npmjs.org/object-inspect/-/object-inspect-1.6.0.tgz",
      "integrity": "sha512-GJzfBZ6DgDAmnuaM3104jR4s1Myxr3Y3zfIyN4z3UdqN69oSRacNK8UhnobDdC+7J2AHCjGwxQubNJfE70SXXQ=="
    },
    "object-keys": {
      "version": "1.1.1",
      "resolved": "https://registry.npmjs.org/object-keys/-/object-keys-1.1.1.tgz",
      "integrity": "sha512-NuAESUOUMrlIXOfHKzD6bpPu3tYt3xvjNdRIQ+FeT0lNb4K8WR70CaDxhuNguS2XG+GjkyMwOzsN5ZktImfhLA=="
    },
    "once": {
      "version": "1.4.0",
      "resolved": "https://registry.npmjs.org/once/-/once-1.4.0.tgz",
      "integrity": "sha1-WDsap3WWHUsROsF9nFC6753Xa9E=",
      "requires": {
        "wrappy": "1"
      }
    },
    "parse-headers": {
      "version": "2.0.2",
      "resolved": "https://registry.npmjs.org/parse-headers/-/parse-headers-2.0.2.tgz",
      "integrity": "sha512-/LypJhzFmyBIDYP9aDVgeyEb5sQfbfY5mnDq4hVhlQ69js87wXfmEI5V3xI6vvXasqebp0oCytYFLxsBVfCzSg==",
      "requires": {
        "for-each": "^0.3.3",
        "string.prototype.trim": "^1.1.2"
      }
    },
    "process": {
      "version": "0.5.2",
      "resolved": "https://registry.npmjs.org/process/-/process-0.5.2.tgz",
      "integrity": "sha1-FjjYqONML0QKkduVq5rrZ3/Bhc8="
    },
    "query-string": {
      "version": "5.1.1",
      "resolved": "https://registry.npmjs.org/query-string/-/query-string-5.1.1.tgz",
      "integrity": "sha512-gjWOsm2SoGlgLEdAGt7a6slVOk9mGiXmPFMqrEhLQ68rhQuBnpfs3+EmlvqKyxnCo9/PPlF+9MtY02S1aFg+Jw==",
      "requires": {
        "decode-uri-component": "^0.2.0",
        "object-assign": "^4.1.0",
        "strict-uri-encode": "^1.0.0"
      }
    },
    "ripemd160": {
      "version": "2.0.2",
      "resolved": "https://registry.npmjs.org/ripemd160/-/ripemd160-2.0.2.tgz",
      "integrity": "sha512-ii4iagi25WusVoiC4B4lq7pbXfAp3D9v5CwfkY33vffw2+pkDjY1D8GaN7spsxvCSx8dkPqOZCEZyfxcmJG2IA==",
      "requires": {
        "hash-base": "^3.0.0",
        "inherits": "^2.0.1"
      }
    },
    "rlp": {
      "version": "2.2.3",
      "resolved": "https://registry.npmjs.org/rlp/-/rlp-2.2.3.tgz",
      "integrity": "sha512-l6YVrI7+d2vpW6D6rS05x2Xrmq8oW7v3pieZOJKBEdjuTF4Kz/iwk55Zyh1Zaz+KOB2kC8+2jZlp2u9L4tTzCQ==",
      "requires": {
        "bn.js": "^4.11.1",
        "safe-buffer": "^5.1.1"
      }
    },
    "safe-buffer": {
      "version": "5.2.0",
      "resolved": "https://registry.npmjs.org/safe-buffer/-/safe-buffer-5.2.0.tgz",
      "integrity": "sha512-fZEwUGbVl7kouZs1jCdMLdt95hdIv0ZeHg6L7qPeciMZhZ+/gdesW4wgTARkrFWEpspjEATAzUGPG8N2jJiwbg=="
    },
    "scrypt-js": {
      "version": "2.0.4",
      "resolved": "https://registry.npmjs.org/scrypt-js/-/scrypt-js-2.0.4.tgz",
      "integrity": "sha512-4KsaGcPnuhtCZQCxFxN3GVYIhKFPTdLd8PLC552XwbMndtD0cjRFAhDuuydXQ0h08ZfPgzqe6EKHozpuH74iDw=="
    },
    "secp256k1": {
      "version": "3.7.1",
      "resolved": "https://registry.npmjs.org/secp256k1/-/secp256k1-3.7.1.tgz",
      "integrity": "sha512-1cf8sbnRreXrQFdH6qsg2H71Xw91fCCS9Yp021GnUNJzWJS/py96fS4lHbnTnouLp08Xj6jBoBB6V78Tdbdu5g==",
      "requires": {
        "bindings": "^1.5.0",
        "bip66": "^1.1.5",
        "bn.js": "^4.11.8",
        "create-hash": "^1.2.0",
        "drbg.js": "^1.0.1",
        "elliptic": "^6.4.1",
        "nan": "^2.14.0",
        "safe-buffer": "^5.1.2"
      }
    },
    "setimmediate": {
      "version": "1.0.4",
      "resolved": "https://registry.npmjs.org/setimmediate/-/setimmediate-1.0.4.tgz",
      "integrity": "sha1-IOgd5iLUoCWIzgyNqJc8vPHTE48="
    },
    "sha.js": {
      "version": "2.4.11",
      "resolved": "https://registry.npmjs.org/sha.js/-/sha.js-2.4.11.tgz",
      "integrity": "sha512-QMEp5B7cftE7APOjk5Y6xgrbWu+WkLVQwk8JNjZ8nKRciZaByEW6MubieAiToS7+dwvrjGhH8jRXz3MVd0AYqQ==",
      "requires": {
        "inherits": "^2.0.1",
        "safe-buffer": "^5.0.1"
      }
    },
    "simple-concat": {
      "version": "1.0.0",
      "resolved": "https://registry.npmjs.org/simple-concat/-/simple-concat-1.0.0.tgz",
      "integrity": "sha1-c0TLuLbib7J9ZrL8hvn21Zl1IcY="
    },
    "simple-get": {
      "version": "2.8.1",
      "resolved": "https://registry.npmjs.org/simple-get/-/simple-get-2.8.1.tgz",
      "integrity": "sha512-lSSHRSw3mQNUGPAYRqo7xy9dhKmxFXIjLjp4KHpf99GEH2VH7C3AM+Qfx6du6jhfUi6Vm7XnbEVEf7Wb6N8jRw==",
      "requires": {
        "decompress-response": "^3.3.0",
        "once": "^1.3.1",
        "simple-concat": "^1.0.0"
      }
    },
    "strict-uri-encode": {
      "version": "1.1.0",
      "resolved": "https://registry.npmjs.org/strict-uri-encode/-/strict-uri-encode-1.1.0.tgz",
      "integrity": "sha1-J5siXfHVgrH1TmWt3UNS4Y+qBxM="
    },
    "string.prototype.trim": {
      "version": "1.2.0",
      "resolved": "https://registry.npmjs.org/string.prototype.trim/-/string.prototype.trim-1.2.0.tgz",
      "integrity": "sha512-9EIjYD/WdlvLpn987+ctkLf0FfvBefOCuiEr2henD8X+7jfwPnyvTdmW8OJhj5p+M0/96mBdynLWkxUr+rHlpg==",
      "requires": {
        "define-properties": "^1.1.3",
        "es-abstract": "^1.13.0",
        "function-bind": "^1.1.1"
      }
    },
    "string.prototype.trimleft": {
      "version": "2.1.0",
      "resolved": "https://registry.npmjs.org/string.prototype.trimleft/-/string.prototype.trimleft-2.1.0.tgz",
      "integrity": "sha512-FJ6b7EgdKxxbDxc79cOlok6Afd++TTs5szo+zJTUyow3ycrRfJVE2pq3vcN53XexvKZu/DJMDfeI/qMiZTrjTw==",
      "requires": {
        "define-properties": "^1.1.3",
        "function-bind": "^1.1.1"
      }
    },
    "string.prototype.trimright": {
      "version": "2.1.0",
      "resolved": "https://registry.npmjs.org/string.prototype.trimright/-/string.prototype.trimright-2.1.0.tgz",
      "integrity": "sha512-fXZTSV55dNBwv16uw+hh5jkghxSnc5oHq+5K/gXgizHwAvMetdAJlHqqoFC1FSDVPYWLkAKl2cxpUT41sV7nSg==",
      "requires": {
        "define-properties": "^1.1.3",
        "function-bind": "^1.1.1"
      }
    },
    "strip-hex-prefix": {
      "version": "1.0.0",
      "resolved": "https://registry.npmjs.org/strip-hex-prefix/-/strip-hex-prefix-1.0.0.tgz",
      "integrity": "sha1-DF8VX+8RUTczd96du1iNoFUA428=",
      "requires": {
        "is-hex-prefixed": "1.0.0"
      }
    },
    "timed-out": {
      "version": "4.0.1",
      "resolved": "https://registry.npmjs.org/timed-out/-/timed-out-4.0.1.tgz",
      "integrity": "sha1-8y6srFoXW+ol1/q1Zas+2HQe9W8="
    },
    "url-set-query": {
      "version": "1.0.0",
      "resolved": "https://registry.npmjs.org/url-set-query/-/url-set-query-1.0.0.tgz",
      "integrity": "sha1-AW6M/Xwg7gXK/neV6JK9BwL6ozk="
    },
    "wrappy": {
      "version": "1.0.2",
      "resolved": "https://registry.npmjs.org/wrappy/-/wrappy-1.0.2.tgz",
      "integrity": "sha1-tSQ9jz7BqjXxNkYFvA0QNuMKtp8="
    },
    "xhr": {
      "version": "2.5.0",
      "resolved": "https://registry.npmjs.org/xhr/-/xhr-2.5.0.tgz",
      "integrity": "sha512-4nlO/14t3BNUZRXIXfXe+3N6w3s1KoxcJUUURctd64BLRe67E4gRwp4PjywtDY72fXpZ1y6Ch0VZQRY/gMPzzQ==",
      "requires": {
        "global": "~4.3.0",
        "is-function": "^1.0.1",
        "parse-headers": "^2.0.0",
        "xtend": "^4.0.0"
      }
    },
    "xhr-request": {
      "version": "1.1.0",
      "resolved": "https://registry.npmjs.org/xhr-request/-/xhr-request-1.1.0.tgz",
      "integrity": "sha512-Y7qzEaR3FDtL3fP30k9wO/e+FBnBByZeybKOhASsGP30NIkRAAkKD/sCnLvgEfAIEC1rcmK7YG8f4oEnIrrWzA==",
      "requires": {
        "buffer-to-arraybuffer": "^0.0.5",
        "object-assign": "^4.1.1",
        "query-string": "^5.0.1",
        "simple-get": "^2.7.0",
        "timed-out": "^4.0.1",
        "url-set-query": "^1.0.0",
        "xhr": "^2.0.4"
      }
    },
    "xhr-request-promise": {
      "version": "0.1.2",
      "resolved": "https://registry.npmjs.org/xhr-request-promise/-/xhr-request-promise-0.1.2.tgz",
      "integrity": "sha1-NDxE0e53JrhkgGloLQ+EDIO0Jh0=",
      "requires": {
        "xhr-request": "^1.0.1"
      }
    },
    "xmlhttprequest": {
      "version": "1.8.0",
      "resolved": "https://registry.npmjs.org/xmlhttprequest/-/xmlhttprequest-1.8.0.tgz",
      "integrity": "sha1-Z/4HXFwk/vOfnWX197f+dRcZaPw="
    },
    "xtend": {
      "version": "4.0.2",
      "resolved": "https://registry.npmjs.org/xtend/-/xtend-4.0.2.tgz",
      "integrity": "sha512-LKYU1iAXJXUgAXn9URjiu+MWhyUXHsvfp7mcuYm9dSUKK0/CjtrUwFAxD82/mCWbtLsGjFIad0wIsod4zrTAEQ=="
    }
  }
}
