{
	"name": "@connext/messaging",
	"version": "0.0.21",
	"lockfileVersion": 1,
	"requires": true,
	"dependencies": {
		"@counterfactual/types": {
			"version": "0.0.37",
			"resolved": "https://registry.npmjs.org/@counterfactual/types/-/types-0.0.37.tgz",
			"integrity": "sha512-QarsW4K+0OFUTTj7bX8zFEIJAavORqF/8df+a1+77gtb8lHT1AJH7po3Tr3i5gNZgCl/TCTGH3rpkKy6KgHy1Q==",
			"dev": true
		},
		"rollup-plugin-typescript2": {
			"version": "0.23.0",
			"resolved": "https://registry.npmjs.org/rollup-plugin-typescript2/-/rollup-plugin-typescript2-0.23.0.tgz",
			"integrity": "sha512-LocTdy/rtp7UVoQcxqO3nIDjuI6AhfmiO/iNTx0k3uGRGPFQzlAyw5hEFNMpAT2tlpoGqawRnOT9OCePuwfZ5w==",
			"dev": true,
			"requires": {
				"fs-extra": "8.1.0",
				"resolve": "1.11.1",
				"rollup-pluginutils": "2.8.1",
				"tslib": "1.10.0"
			},
			"dependencies": {
				"estree-walker": {
					"version": "0.6.1",
					"resolved": "https://registry.npmjs.org/estree-walker/-/estree-walker-0.6.1.tgz",
					"integrity": "sha512-SqmZANLWS0mnatqbSfRP5g8OXZC12Fgg1IwNtLsyHDzJizORW4khDfjPqJZsemPWBB2uqykUah5YpQ6epsqC/w==",
					"dev": true
				},
				"fs-extra": {
					"version": "8.1.0",
					"resolved": "https://registry.npmjs.org/fs-extra/-/fs-extra-8.1.0.tgz",
					"integrity": "sha512-yhlQgA6mnOJUKOsRUFsgJdQCvkKhcz8tlZG5HBQfReYZy46OwLcY+Zia0mtdHsOo9y/hP+CxMN0TU9QxoOtG4g==",
					"dev": true,
					"requires": {
						"graceful-fs": "^4.2.0",
						"jsonfile": "^4.0.0",
						"universalify": "^0.1.0"
					}
				},
				"graceful-fs": {
					"version": "4.2.2",
					"resolved": "https://registry.npmjs.org/graceful-fs/-/graceful-fs-4.2.2.tgz",
					"integrity": "sha512-IItsdsea19BoLC7ELy13q1iJFNmd7ofZH5+X/pJr90/nRoPEX0DJo1dHDbgtYWOhJhcCgMDTOw84RZ72q6lB+Q==",
					"dev": true
				},
				"jsonfile": {
					"version": "4.0.0",
					"resolved": "https://registry.npmjs.org/jsonfile/-/jsonfile-4.0.0.tgz",
					"integrity": "sha1-h3Gq4HmbZAdrdmQPygWPnBDjPss=",
					"dev": true,
					"requires": {
						"graceful-fs": "^4.1.6"
					}
				},
				"path-parse": {
					"version": "1.0.6",
					"resolved": "https://registry.npmjs.org/path-parse/-/path-parse-1.0.6.tgz",
					"integrity": "sha512-GSmOT2EbHrINBf9SR7CDELwlJ8AENk3Qn7OikK4nFYAu3Ote2+JYNVvkpAEQm3/TLNEJFD/xZJjzyxg3KBWOzw==",
					"dev": true
				},
				"resolve": {
					"version": "1.11.1",
					"resolved": "https://registry.npmjs.org/resolve/-/resolve-1.11.1.tgz",
					"integrity": "sha512-vIpgF6wfuJOZI7KKKSP+HmiKggadPQAdsp5HiC1mvqnfp0gF1vdwgBWZIdrVft9pgqoMFQN+R7BSWZiBxx+BBw==",
					"dev": true,
					"requires": {
						"path-parse": "^1.0.6"
					}
				},
				"rollup-pluginutils": {
					"version": "2.8.1",
					"resolved": "https://registry.npmjs.org/rollup-pluginutils/-/rollup-pluginutils-2.8.1.tgz",
					"integrity": "sha512-J5oAoysWar6GuZo0s+3bZ6sVZAC0pfqKz68De7ZgDi5z63jOVZn1uJL/+z1jeKHNbGII8kAyHF5q8LnxSX5lQg==",
					"dev": true,
					"requires": {
						"estree-walker": "^0.6.1"
					}
				},
				"tslib": {
					"version": "1.10.0",
					"resolved": "https://registry.npmjs.org/tslib/-/tslib-1.10.0.tgz",
					"integrity": "sha512-qOebF53frne81cf0S9B41ByenJ3/IuH8yJKngAX35CmiZySA0khhkovshKK+jGCaMnVomla7gVlIcc3EvKPbTQ==",
					"dev": true
				},
				"universalify": {
					"version": "0.1.2",
					"resolved": "https://registry.npmjs.org/universalify/-/universalify-0.1.2.tgz",
					"integrity": "sha512-rBJeI5CXAlmy1pV+617WB9J63U6XcazHHF2f2dbJix4XzpUF0RS3Zbj0FGIOCAva5P/d/GBOYaACQ1w+0azUkg==",
					"dev": true
				}
			}
		},
		"typescript": {
			"version": "3.5.3",
			"resolved": "https://registry.npmjs.org/typescript/-/typescript-3.5.3.tgz",
			"integrity": "sha512-ACzBtm/PhXBDId6a6sDJfroT2pOWt/oOnk4/dElG5G33ZL776N3Y6/6bKZJBFpd+b05F3Ct9qDjMeJmRWtE2/g==",
			"dev": true
		}
	}
}
