{
	"name": "@connext/messaging",
	"version": "0.0.1",
	"lockfileVersion": 1,
	"requires": true,
	"dependencies": {
		"@counterfactual/types": {
			"version": "0.0.25",
			"resolved": "https://registry.npmjs.org/@counterfactual/types/-/types-0.0.25.tgz",
			"integrity": "sha512-TnOtQvpIXweqISg81Z6LyUJf9IlgI7PST5if/gl776NJAiaAGevx+27lG2YmUxX5fheecNLddc1+3WDJy87WrA==",
			"dev": true
		},
		"@types/estree": {
			"version": "0.0.39",
			"resolved": "https://registry.npmjs.org/@types/estree/-/estree-0.0.39.tgz",
			"integrity": "sha512-EYNwp3bU+98cpU4lAWYYL7Zz+2gryWH1qbdDTidVd6hkiR6weksdbMadyXKXNPEkQFhXM+hVO9ZygomHXp+AIw==",
			"dev": true
		},
		"@types/node": {
			"version": "12.6.2",
			"resolved": "https://registry.npmjs.org/@types/node/-/node-12.6.2.tgz",
			"integrity": "sha512-gojym4tX0FWeV2gsW4Xmzo5wxGjXGm550oVUII7f7G5o4BV6c7DBdiG1RRQd+y1bvqRyYtPfMK85UM95vsapqQ==",
			"dev": true
		},
		"acorn": {
			"version": "6.2.0",
			"resolved": "https://registry.npmjs.org/acorn/-/acorn-6.2.0.tgz",
			"integrity": "sha512-8oe72N3WPMjA+2zVG71Ia0nXZ8DpQH+QyyHO+p06jT8eg8FGG3FbcUIi8KziHlAfheJQZeoqbvq1mQSQHXKYLw==",
			"dev": true
		},
		"estree-walker": {
			"version": "0.6.1",
			"resolved": "https://registry.npmjs.org/estree-walker/-/estree-walker-0.6.1.tgz",
			"integrity": "sha512-SqmZANLWS0mnatqbSfRP5g8OXZC12Fgg1IwNtLsyHDzJizORW4khDfjPqJZsemPWBB2uqykUah5YpQ6epsqC/w==",
			"dev": true
		},
		"fs-extra": {
			"version": "8.1.0",
			"resolved": "https://registry.npmjs.org/fs-extra/-/fs-extra-8.1.0.tgz",
			"integrity": "sha512-yhlQgA6mnOJUKOsRUFsgJdQCvkKhcz8tlZG5HBQfReYZy46OwLcY+Zia0mtdHsOo9y/hP+CxMN0TU9QxoOtG4g==",
			"dev": true,
			"requires": {
				"graceful-fs": "^4.2.0",
				"jsonfile": "^4.0.0",
				"universalify": "^0.1.0"
			}
		},
		"graceful-fs": {
			"version": "4.2.0",
			"resolved": "https://registry.npmjs.org/graceful-fs/-/graceful-fs-4.2.0.tgz",
			"integrity": "sha512-jpSvDPV4Cq/bgtpndIWbI5hmYxhQGHPC4d4cqBPb4DLniCfhJokdXhwhaDuLBGLQdvvRum/UiX6ECVIPvDXqdg==",
			"dev": true
		},
		"jsonfile": {
			"version": "4.0.0",
			"resolved": "https://registry.npmjs.org/jsonfile/-/jsonfile-4.0.0.tgz",
			"integrity": "sha1-h3Gq4HmbZAdrdmQPygWPnBDjPss=",
			"dev": true,
			"requires": {
				"graceful-fs": "^4.1.6"
			}
		},
		"nuid": {
			"version": "1.1.0",
			"resolved": "https://registry.npmjs.org/nuid/-/nuid-1.1.0.tgz",
			"integrity": "sha512-C/JdZ6PtCqKsCEs4ni76nhBsdmuQgLAT/CTLNprkcLViDAnkk7qx5sSA8PVC2vmSsdBlSsFuGb52v6pwn1oaeg=="
		},
		"path-parse": {
			"version": "1.0.6",
			"resolved": "https://registry.npmjs.org/path-parse/-/path-parse-1.0.6.tgz",
			"integrity": "sha512-GSmOT2EbHrINBf9SR7CDELwlJ8AENk3Qn7OikK4nFYAu3Ote2+JYNVvkpAEQm3/TLNEJFD/xZJjzyxg3KBWOzw==",
			"dev": true
		},
		"resolve": {
			"version": "1.11.1",
			"resolved": "https://registry.npmjs.org/resolve/-/resolve-1.11.1.tgz",
			"integrity": "sha512-vIpgF6wfuJOZI7KKKSP+HmiKggadPQAdsp5HiC1mvqnfp0gF1vdwgBWZIdrVft9pgqoMFQN+R7BSWZiBxx+BBw==",
			"dev": true,
			"requires": {
				"path-parse": "^1.0.6"
			}
		},
		"rollup": {
			"version": "1.17.0",
			"resolved": "https://registry.npmjs.org/rollup/-/rollup-1.17.0.tgz",
			"integrity": "sha512-k/j1m0NIsI4SYgCJR4MWPstGJOWfJyd6gycKoMhyoKPVXxm+L49XtbUwZyFsrSU2YXsOkM4u1ll9CS/ZgJBUpw==",
			"dev": true,
			"requires": {
				"@types/estree": "0.0.39",
				"@types/node": "^12.6.2",
				"acorn": "^6.2.0"
			}
		},
		"rollup-plugin-typescript2": {
			"version": "0.22.0",
			"resolved": "https://registry.npmjs.org/rollup-plugin-typescript2/-/rollup-plugin-typescript2-0.22.0.tgz",
			"integrity": "sha512-jkccBtzTFLdZK7SoVlSDmaRiDgoq+P8n41pVSFYrrGq/OMR2fVW+O4Tnx7h39Ige0sGHKs2HuqJ8K6Ap0n785Q==",
			"dev": true,
			"requires": {
				"fs-extra": "8.1.0",
				"resolve": "1.11.1",
				"rollup-pluginutils": "2.8.1",
				"tslib": "1.10.0"
			}
		},
		"rollup-pluginutils": {
			"version": "2.8.1",
			"resolved": "https://registry.npmjs.org/rollup-pluginutils/-/rollup-pluginutils-2.8.1.tgz",
			"integrity": "sha512-J5oAoysWar6GuZo0s+3bZ6sVZAC0pfqKz68De7ZgDi5z63jOVZn1uJL/+z1jeKHNbGII8kAyHF5q8LnxSX5lQg==",
			"dev": true,
			"requires": {
				"estree-walker": "^0.6.1"
			}
		},
		"ts-nats": {
			"version": "1.2.4",
			"resolved": "https://registry.npmjs.org/ts-nats/-/ts-nats-1.2.4.tgz",
			"integrity": "sha512-bIC+PlwHplRqhooa9kE+QPcQ9RPGUXD2ruvdf6LoFpP6MjE6exVoRhYSydm0e5wk7VfuXpTbH1NoopTKHwlOKA==",
			"requires": {
				"nuid": "^1.1.0",
				"ts-nkeys": "^1.0.12"
			}
		},
		"ts-nkeys": {
			"version": "1.0.12",
			"resolved": "https://registry.npmjs.org/ts-nkeys/-/ts-nkeys-1.0.12.tgz",
			"integrity": "sha512-5TgA+wbfxTy/9pdSuAhvneuL65KKoI7phonzNQH2UhnorAQAWehUwHNLEuli596wu/Fxh0SAhMeKZVLNx4s7Ow==",
			"requires": {
				"tweetnacl": "^1.0.1"
			}
		},
		"tslib": {
			"version": "1.10.0",
			"resolved": "https://registry.npmjs.org/tslib/-/tslib-1.10.0.tgz",
			"integrity": "sha512-qOebF53frne81cf0S9B41ByenJ3/IuH8yJKngAX35CmiZySA0khhkovshKK+jGCaMnVomla7gVlIcc3EvKPbTQ==",
			"dev": true
		},
		"tweetnacl": {
			"version": "1.0.1",
			"resolved": "https://registry.npmjs.org/tweetnacl/-/tweetnacl-1.0.1.tgz",
			"integrity": "sha512-kcoMoKTPYnoeS50tzoqjPY3Uv9axeuuFAZY9M/9zFnhoVvRfxz9K29IMPD7jGmt2c8SW7i3gT9WqDl2+nV7p4A=="
		},
		"typescript": {
			"version": "3.5.3",
			"resolved": "https://registry.npmjs.org/typescript/-/typescript-3.5.3.tgz",
			"integrity": "sha512-ACzBtm/PhXBDId6a6sDJfroT2pOWt/oOnk4/dElG5G33ZL776N3Y6/6bKZJBFpd+b05F3Ct9qDjMeJmRWtE2/g==",
			"dev": true
		},
		"universalify": {
			"version": "0.1.2",
			"resolved": "https://registry.npmjs.org/universalify/-/universalify-0.1.2.tgz",
			"integrity": "sha512-rBJeI5CXAlmy1pV+617WB9J63U6XcazHHF2f2dbJix4XzpUF0RS3Zbj0FGIOCAva5P/d/GBOYaACQ1w+0azUkg==",
			"dev": true
		},
		"websocket-nats": {
			"version": "0.3.3",
			"resolved": "https://registry.npmjs.org/websocket-nats/-/websocket-nats-0.3.3.tgz",
			"integrity": "sha1-igSTvVuXyvH4VzmDuu2HFTmVI+8=",
			"requires": {
				"nuid": "^0.6.8"
			},
			"dependencies": {
				"nuid": {
					"version": "0.6.14",
					"resolved": "https://registry.npmjs.org/nuid/-/nuid-0.6.14.tgz",
					"integrity": "sha1-oiXItyDkbFY62NE2QTaGafbCW0g="
				}
			}
		}
	}
}
