{
	"name": "daicard",
	"version": "0.2.4",
	"lockfileVersion": 1,
	"requires": true,
	"dependencies": {
		"@types/node": {
			"version": "10.14.19",
			"resolved": "https://registry.npmjs.org/@types/node/-/node-10.14.19.tgz",
			"integrity": "sha512-j6Sqt38ssdMKutXBUuAcmWF8QtHW1Fwz/mz4Y+Wd9mzpBiVFirjpNQf363hG5itkG+yGaD+oiLyb50HxJ36l9Q=="
		},
		"aes-js": {
			"version": "3.0.0",
			"resolved": "https://registry.npmjs.org/aes-js/-/aes-js-3.0.0.tgz",
			"integrity": "sha1-4h3xCtbCBTKVvLuNq0Cwnb6ofk0="
		},
		"async-limiter": {
			"version": "1.0.1",
			"resolved": "https://registry.npmjs.org/async-limiter/-/async-limiter-1.0.1.tgz",
			"integrity": "sha512-csOlWGAcRFJaI6m+F2WKdnMKr4HhdhFVBk0H/QbJFMCr+uO2kwohwXQPxw/9OCxp05r5ghVBFSyioixx3gfkNQ=="
		},
		"bluebird": {
			"version": "3.5.5",
			"resolved": "https://registry.npmjs.org/bluebird/-/bluebird-3.5.5.tgz",
			"integrity": "sha512-5am6HnnfN+urzt4yfg7IgTbotDjIT/u8AJpEt0sIU9FtXfVeezXAPKswrG+xKUCOYAINpSdgZVDU6QFh+cuH3w=="
		},
		"bn.js": {
			"version": "5.0.0",
			"resolved": "https://registry.npmjs.org/bn.js/-/bn.js-5.0.0.tgz",
			"integrity": "sha512-bVwDX8AF+72fIUNuARelKAlQUNtPOfG2fRxorbVvFk4zpHbqLrPdOGfVg5vrKwVzLLePqPBiATaOZNELQzmS0A==",
			"dev": true
		},
		"brorand": {
			"version": "1.1.0",
			"resolved": "https://registry.npmjs.org/brorand/-/brorand-1.1.0.tgz",
			"integrity": "sha1-EsJe/kCkXjwyPrhnWgoM5XsiNx8="
		},
		"browserslist": {
			"version": "4.7.0",
			"resolved": "https://registry.npmjs.org/browserslist/-/browserslist-4.7.0.tgz",
			"integrity": "sha512-9rGNDtnj+HaahxiVV38Gn8n8Lr8REKsel68v1sPFfIGEK6uSXTY3h9acgiT1dZVtOOUtifo/Dn8daDQ5dUgVsA==",
			"requires": {
				"caniuse-lite": "^1.0.30000989",
				"electron-to-chromium": "^1.3.247",
				"node-releases": "^1.1.29"
			}
		},
		"caniuse-lite": {
			"version": "1.0.30000989",
			"resolved": "https://registry.npmjs.org/caniuse-lite/-/caniuse-lite-1.0.30000989.tgz",
			"integrity": "sha512-vrMcvSuMz16YY6GSVZ0dWDTJP8jqk3iFQ/Aq5iqblPwxSVVZI+zxDyTX0VPqtQsDnfdrBDcsmhgTEOh5R8Lbpw=="
		},
		"chai-bn": {
			"version": "0.2.0",
			"resolved": "https://registry.npmjs.org/chai-bn/-/chai-bn-0.2.0.tgz",
			"integrity": "sha512-h+XqIFikre13N3uiZSc50PZ0VztVjuD/Gytle07EUFkbd8z31tWp37DLAsR1dPozmOLA3yu4hi3IFjJDQ5CKBg==",
			"dev": true
		},
		"classnames": {
			"version": "2.2.6",
			"resolved": "https://registry.npmjs.org/classnames/-/classnames-2.2.6.tgz",
			"integrity": "sha512-JR/iSQOSt+LQIWwrwEzJ9uk0xfN3mTVYMwt1Ir5mUcSN6pU+V4zQFFaJsclJbPuAUQH+yfWef6tm7l1quW3C8Q=="
		},
		"color-convert": {
			"version": "0.5.3",
			"resolved": "https://registry.npmjs.org/color-convert/-/color-convert-0.5.3.tgz",
			"integrity": "sha1-vbbGnOZg+t/+CwAHzER+G59ygr0="
		},
		"connext": {
			"version": "4.2.5",
			"resolved": "https://registry.npmjs.org/connext/-/connext-4.2.5.tgz",
			"integrity": "sha512-QPRdB48WLuL0E0ZLmQ7vtC77rYK+78IWt9a5DPya6aRf4OmXHYm1v6XBzVY/00oUwrJbgmZJ5UoWV/qTCt2Mmw==",
			"requires": {
				"bluebird": "^3.5.3",
				"ethers": "^4.0.27",
				"events": "^3.0.0",
				"human-standard-token-abi": "^2.0.0",
				"isomorphic-ws": "^4.0.1",
				"redux": "^4.0.1",
				"semaphore": "^1.1.0",
				"typescript-fsa": "^3.0.0-beta-2",
				"typescript-fsa-reducers": "^1.1.0",
				"ws": "^7.0.0"
			},
			"dependencies": {
				"ws": {
					"version": "7.1.2",
					"resolved": "https://registry.npmjs.org/ws/-/ws-7.1.2.tgz",
					"integrity": "sha512-gftXq3XI81cJCgkUiAVixA0raD9IVmXqsylCrjRygw4+UOOGzPoxnQ6r/CnVL9i+mDncJo94tSkyrtuuQVBmrg==",
					"requires": {
						"async-limiter": "^1.0.0"
					}
				}
			}
		},
		"copy-to-clipboard": {
			"version": "3.2.0",
			"resolved": "https://registry.npmjs.org/copy-to-clipboard/-/copy-to-clipboard-3.2.0.tgz",
			"integrity": "sha512-eOZERzvCmxS8HWzugj4Uxl8OJxa7T2k1Gi0X5qavwydHIfuSHq2dTD09LOg/XyGq4Zpb5IsR/2OJ5lbOegz78w==",
			"requires": {
				"toggle-selection": "^1.0.6"
			}
		},
		"cross-fetch": {
			"version": "3.0.4",
			"resolved": "https://registry.npmjs.org/cross-fetch/-/cross-fetch-3.0.4.tgz",
			"integrity": "sha512-MSHgpjQqgbT/94D4CyADeNoYh52zMkCX4pcJvPP5WqPsLFMKjr2TCMg381ox5qI0ii2dPwaLx/00477knXqXVw==",
			"requires": {
				"node-fetch": "2.6.0",
				"whatwg-fetch": "3.0.0"
			}
		},
		"decode-uri-component": {
			"version": "0.2.0",
			"resolved": "https://registry.npmjs.org/decode-uri-component/-/decode-uri-component-0.2.0.tgz",
			"integrity": "sha1-6zkTMzRYd1y4TNGh+uBiEGu4dUU="
		},
		"electron-to-chromium": {
			"version": "1.3.262",
			"resolved": "https://registry.npmjs.org/electron-to-chromium/-/electron-to-chromium-1.3.262.tgz",
			"integrity": "sha512-YFr53qZWr2pWkiTUorWEhAweujdf0ALiUp8VkNa0WGtbMVR+kZ8jNy3VTCemLsA4sT6+srCqehNn8TEAD0Ngrw=="
		},
		"elliptic": {
			"version": "6.3.3",
			"resolved": "https://registry.npmjs.org/elliptic/-/elliptic-6.3.3.tgz",
			"integrity": "sha1-VILZZG1UvLif19mU/J4ulWiHbj8=",
			"requires": {
				"bn.js": "^4.4.0",
				"brorand": "^1.0.1",
				"hash.js": "^1.0.0",
				"inherits": "^2.0.1"
			},
			"dependencies": {
				"bn.js": {
					"version": "4.11.8",
					"resolved": "https://registry.npmjs.org/bn.js/-/bn.js-4.11.8.tgz",
					"integrity": "sha512-ItfYfPLkWHUjckQCk8xC+LwxgK8NYcXywGigJgSwOP8Y2iyWT4f2vsZnoOXTTbo+o5yXmIUJ4gn5538SO5S3gA=="
				}
			}
		},
		"ethereum-blockies-png": {
			"version": "0.1.3",
			"resolved": "https://registry.npmjs.org/ethereum-blockies-png/-/ethereum-blockies-png-0.1.3.tgz",
			"integrity": "sha512-w20so1bo2dsCbfozOvkHBycS66OeI59buiBAwN+5ri6fdWIdNl1jKdKcYReizrp8NmidnlQZe04Gua5FUBm8wg==",
			"requires": {
				"parse-color": "^1.0.0",
				"pngjs": "^3.2.0"
			}
		},
		"ethers": {
			"version": "4.0.37",
			"resolved": "https://registry.npmjs.org/ethers/-/ethers-4.0.37.tgz",
			"integrity": "sha512-B7bDdyQ45A5lPr6k2HOkEKMtYOuqlfy+nNf8glnRvWidkDQnToKw1bv7UyrwlbsIgY2mE03UxTVtouXcT6Vvcw==",
			"requires": {
				"@types/node": "^10.3.2",
				"aes-js": "3.0.0",
				"bn.js": "^4.4.0",
				"elliptic": "6.3.3",
				"hash.js": "1.1.3",
				"js-sha3": "0.5.7",
				"scrypt-js": "2.0.4",
				"setimmediate": "1.0.4",
				"uuid": "2.0.1",
				"xmlhttprequest": "1.8.0"
			},
			"dependencies": {
				"bn.js": {
					"version": "4.11.8",
					"resolved": "https://registry.npmjs.org/bn.js/-/bn.js-4.11.8.tgz",
					"integrity": "sha512-ItfYfPLkWHUjckQCk8xC+LwxgK8NYcXywGigJgSwOP8Y2iyWT4f2vsZnoOXTTbo+o5yXmIUJ4gn5538SO5S3gA=="
				}
			}
		},
		"events": {
			"version": "3.0.0",
			"resolved": "https://registry.npmjs.org/events/-/events-3.0.0.tgz",
			"integrity": "sha512-Dc381HFWJzEOhQ+d8pkNon++bk9h6cdAoAj4iE6Q4y6xgTzySWXlKn05/TVNpjnfRqi/X0EpJEJohPjNI3zpVA=="
		},
		"hash.js": {
			"version": "1.1.3",
			"resolved": "https://registry.npmjs.org/hash.js/-/hash.js-1.1.3.tgz",
			"integrity": "sha512-/UETyP0W22QILqS+6HowevwhEFJ3MBJnwTf75Qob9Wz9t0DPuisL8kW8YZMK62dHAKE1c1p+gY1TtOLY+USEHA==",
			"requires": {
				"inherits": "^2.0.3",
				"minimalistic-assert": "^1.0.0"
			}
		},
		"human-standard-token-abi": {
			"version": "2.0.0",
			"resolved": "https://registry.npmjs.org/human-standard-token-abi/-/human-standard-token-abi-2.0.0.tgz",
			"integrity": "sha512-m1f5DiIvqaNmpgphNqx2OziyTCj4Lvmmk28uMSxGWrOc9/lMpAKH8UcMPhvb13DMNZPzxn07WYFhxOGKuPLryg=="
		},
		"inherits": {
			"version": "2.0.4",
			"resolved": "https://registry.npmjs.org/inherits/-/inherits-2.0.4.tgz",
			"integrity": "sha512-k/vGaX4/Yla3WzyMCvTQOXYeIHvqOKtnqBduzTHpzpQZzAskKMhZ2K+EnBiSM9zGSoIFeMpXKxa4dYeZIQqewQ=="
		},
		"interval-promise": {
			"version": "1.3.0",
			"resolved": "https://registry.npmjs.org/interval-promise/-/interval-promise-1.3.0.tgz",
			"integrity": "sha512-AebPZJ0o6D1jWg487njjrhfzBp6/hfmtWCMQhXr0SXD7Zg5RexQe4Y6joYiGieJziP7W7WEMQWxFKSbywXmhbw=="
		},
		"isomorphic-ws": {
			"version": "4.0.1",
			"resolved": "https://registry.npmjs.org/isomorphic-ws/-/isomorphic-ws-4.0.1.tgz",
			"integrity": "sha512-BhBvN2MBpWTaSHdWRb/bwdZJ1WaehQ2L1KngkCkfLUGF0mAWAT1sQUQacEmQ0jXkFw/czDXPNQSL5u2/Krsz1w=="
		},
		"js-sha3": {
			"version": "0.5.7",
			"resolved": "https://registry.npmjs.org/js-sha3/-/js-sha3-0.5.7.tgz",
			"integrity": "sha1-DU/9gALVMzqrr0oj7tL2N0yfKOc="
		},
		"js-tokens": {
			"version": "4.0.0",
			"resolved": "https://registry.npmjs.org/js-tokens/-/js-tokens-4.0.0.tgz",
			"integrity": "sha512-RdJUflcE3cUzKiMqQgsCu06FPu9UdIJO0beYbPhHN4k6apgJtifcoCtT9bcxOpYBtpD2kCM6Sbzg4CausW/PKQ=="
		},
		"jsqr": {
			"version": "1.2.0",
			"resolved": "https://registry.npmjs.org/jsqr/-/jsqr-1.2.0.tgz",
			"integrity": "sha512-wKcQS9QC2VHGk7aphWCp1RrFyC0CM6fMgC5prZZ2KV/Lk6OKNoCod9IR6bao+yx3KPY0gZFC5dc+h+KFzCI0Wg=="
		},
		"loose-envify": {
			"version": "1.4.0",
			"resolved": "https://registry.npmjs.org/loose-envify/-/loose-envify-1.4.0.tgz",
			"integrity": "sha512-lyuxPGr/Wfhrlem2CL/UcnUc1zcqKAImBDzukY7Y5F/yQiNdko6+fRLevlw1HgMySw7f611UIY408EtxRSoK3Q==",
			"requires": {
				"js-tokens": "^3.0.0 || ^4.0.0"
			}
		},
		"minimalistic-assert": {
			"version": "1.0.1",
			"resolved": "https://registry.npmjs.org/minimalistic-assert/-/minimalistic-assert-1.0.1.tgz",
			"integrity": "sha512-UtJcAD4yEaGtjPezWuO9wC4nwUnVH/8/Im3yEHQP4b67cXlD/Qr9hdITCU1xDbSEXg2XKNaP8jsReV7vQd00/A=="
		},
		"node-fetch": {
			"version": "2.6.0",
			"resolved": "https://registry.npmjs.org/node-fetch/-/node-fetch-2.6.0.tgz",
			"integrity": "sha512-8dG4H5ujfvFiqDmVu9fQ5bOHUC15JMjMY/Zumv26oOvvVJjM67KF8koCWIabKQ1GJIa9r2mMZscBq/TbdOcmNA=="
		},
		"node-releases": {
			"version": "1.1.32",
			"resolved": "https://registry.npmjs.org/node-releases/-/node-releases-1.1.32.tgz",
			"integrity": "sha512-VhVknkitq8dqtWoluagsGPn3dxTvN9fwgR59fV3D7sLBHe0JfDramsMI8n8mY//ccq/Kkrf8ZRHRpsyVZ3qw1A==",
			"requires": {
				"semver": "^5.3.0"
			}
		},
		"object-assign": {
			"version": "4.1.1",
			"resolved": "https://registry.npmjs.org/object-assign/-/object-assign-4.1.1.tgz",
			"integrity": "sha1-IQmtx5ZYh8/AXLvUQsrIv7s2CGM="
		},
		"openzeppelin-solidity": {
			"version": "2.3.0",
			"resolved": "https://registry.npmjs.org/openzeppelin-solidity/-/openzeppelin-solidity-2.3.0.tgz",
			"integrity": "sha512-QYeiPLvB1oSbDt6lDQvvpx7k8ODczvE474hb2kLXZBPKMsxKT1WxTCHBYrCU7kS7hfAku4DcJ0jqOyL+jvjwQw=="
		},
		"parse-color": {
			"version": "1.0.0",
			"resolved": "https://registry.npmjs.org/parse-color/-/parse-color-1.0.0.tgz",
			"integrity": "sha1-e3SLlag/A/FqlPU15S1/PZRlhhk=",
			"requires": {
				"color-convert": "~0.5.0"
			}
		},
		"pisa-client": {
			"version": "0.1.4-connext-beta.1",
			"resolved": "https://registry.npmjs.org/pisa-client/-/pisa-client-0.1.4-connext-beta.1.tgz",
			"integrity": "sha512-WlBXPfJkep2Ca2x/fOT+GcAzqWJgqgCirZbZlUHFtfrVfMyBv6pEBQeViGGIg6/qAWOaiIZOIqu7lcKqy3517A==",
			"requires": {
				"cross-fetch": "^3.0.4",
				"ethers": "^4.0.37"
			}
		},
		"pngjs": {
			"version": "3.4.0",
			"resolved": "https://registry.npmjs.org/pngjs/-/pngjs-3.4.0.tgz",
			"integrity": "sha512-NCrCHhWmnQklfH4MtJMRjZ2a8c80qXeMlQMv2uVp9ISJMTt562SbGd6n2oq0PaPgKm7Z6pL9E2UlLIhC+SHL3w=="
		},
		"prop-types": {
			"version": "15.7.2",
			"resolved": "https://registry.npmjs.org/prop-types/-/prop-types-15.7.2.tgz",
			"integrity": "sha512-8QQikdH7//R2vurIJSutZ1smHYTcLpRWEOlHnzcWHmBYrOGUysKwSsrC89BCiFj3CbrfJ/nXFdJepOVrY1GCHQ==",
			"requires": {
				"loose-envify": "^1.4.0",
				"object-assign": "^4.1.1",
				"react-is": "^16.8.1"
			}
		},
		"qr.js": {
			"version": "0.0.0",
			"resolved": "https://registry.npmjs.org/qr.js/-/qr.js-0.0.0.tgz",
			"integrity": "sha1-ys6GOG9ZoNuAUPqQ2baw6IoeNk8="
		},
		"qrcode.react": {
			"version": "0.9.3",
			"resolved": "https://registry.npmjs.org/qrcode.react/-/qrcode.react-0.9.3.tgz",
			"integrity": "sha512-gGd30Ez7cmrKxyN2M3nueaNLk/f9J7NDRgaD5fVgxGpPLsYGWMn9UQ+XnDpv95cfszTQTdaf4QGLNMf3xU0hmw==",
			"requires": {
				"prop-types": "^15.6.0",
				"qr.js": "0.0.0"
			}
		},
		"query-string": {
			"version": "6.8.3",
			"resolved": "https://registry.npmjs.org/query-string/-/query-string-6.8.3.tgz",
			"integrity": "sha512-llcxWccnyaWlODe7A9hRjkvdCKamEKTh+wH8ITdTc3OhchaqUZteiSCX/2ablWHVrkVIe04dntnaZJ7BdyW0lQ==",
			"requires": {
				"decode-uri-component": "^0.2.0",
				"split-on-first": "^1.0.0",
				"strict-uri-encode": "^2.0.0"
			}
		},
		"react-copy-to-clipboard": {
			"version": "5.0.1",
			"resolved": "https://registry.npmjs.org/react-copy-to-clipboard/-/react-copy-to-clipboard-5.0.1.tgz",
			"integrity": "sha512-ELKq31/E3zjFs5rDWNCfFL4NvNFQvGRoJdAKReD/rUPA+xxiLPQmZBZBvy2vgH7V0GE9isIQpT9WXbwIVErYdA==",
			"requires": {
				"copy-to-clipboard": "^3",
				"prop-types": "^15.5.8"
			}
		},
		"react-is": {
			"version": "16.8.6",
			"resolved": "https://registry.npmjs.org/react-is/-/react-is-16.8.6.tgz",
			"integrity": "sha512-aUk3bHfZ2bRSVFFbbeVS4i+lNPZr3/WM5jT2J5omUVV1zzcs1nAaf3l51ctA5FFvCRbhrH0bdAsRRQddFJZPtA=="
		},
		"react-qr-reader": {
			"version": "2.2.1",
			"resolved": "https://registry.npmjs.org/react-qr-reader/-/react-qr-reader-2.2.1.tgz",
			"integrity": "sha512-EL5JEj53u2yAOgtpAKAVBzD/SiKWn0Bl7AZy6ZrSf1lub7xHwtaXe6XSx36Wbhl1VMGmvmrwYMRwO1aSCT2fwA==",
			"requires": {
				"jsqr": "^1.2.0",
				"prop-types": "^15.7.2",
				"webrtc-adapter": "^7.2.1"
			}
		},
		"redux": {
			"version": "4.0.4",
			"resolved": "https://registry.npmjs.org/redux/-/redux-4.0.4.tgz",
			"integrity": "sha512-vKv4WdiJxOWKxK0yRoaK3Y4pxxB0ilzVx6dszU2W8wLxlb2yikRph4iV/ymtdJ6ZxpBLFbyrxklnT5yBbQSl3Q==",
			"requires": {
				"loose-envify": "^1.4.0",
				"symbol-observable": "^1.2.0"
			}
		},
		"rtcpeerconnection-shim": {
			"version": "1.2.15",
			"resolved": "https://registry.npmjs.org/rtcpeerconnection-shim/-/rtcpeerconnection-shim-1.2.15.tgz",
			"integrity": "sha512-C6DxhXt7bssQ1nHb154lqeL0SXz5Dx4RczXZu2Aa/L1NJFnEVDxFwCBo3fqtuljhHIGceg5JKBV4XJ0gW5JKyw==",
			"requires": {
				"sdp": "^2.6.0"
			}
		},
		"scrypt-js": {
			"version": "2.0.4",
			"resolved": "https://registry.npmjs.org/scrypt-js/-/scrypt-js-2.0.4.tgz",
			"integrity": "sha512-4KsaGcPnuhtCZQCxFxN3GVYIhKFPTdLd8PLC552XwbMndtD0cjRFAhDuuydXQ0h08ZfPgzqe6EKHozpuH74iDw=="
		},
		"sdp": {
			"version": "2.9.0",
			"resolved": "https://registry.npmjs.org/sdp/-/sdp-2.9.0.tgz",
			"integrity": "sha512-XAVZQO4qsfzVTHorF49zCpkdxiGmPNjA8ps8RcJGtGP3QJ/A8I9/SVg/QnkAFDMXIyGbHZBBFwYBw6WdnhT96w=="
		},
		"semaphore": {
			"version": "1.1.0",
			"resolved": "https://registry.npmjs.org/semaphore/-/semaphore-1.1.0.tgz",
			"integrity": "sha512-O4OZEaNtkMd/K0i6js9SL+gqy0ZCBMgUvlSqHKi4IBdjhe7wB8pwztUk1BbZ1fmrvpwFrPbHzqd2w5pTcJH6LA=="
		},
		"semver": {
			"version": "5.7.1",
			"resolved": "https://registry.npmjs.org/semver/-/semver-5.7.1.tgz",
			"integrity": "sha512-sauaDf/PZdVgrLTNYHRtpXa1iRiKcaebiKQ1BJdpQlWH2lCvexQdX55snPFyK7QzpudqbCI0qXFfOasHdyNDGQ=="
		},
		"setimmediate": {
			"version": "1.0.4",
			"resolved": "https://registry.npmjs.org/setimmediate/-/setimmediate-1.0.4.tgz",
			"integrity": "sha1-IOgd5iLUoCWIzgyNqJc8vPHTE48="
		},
		"split-on-first": {
			"version": "1.1.0",
			"resolved": "https://registry.npmjs.org/split-on-first/-/split-on-first-1.1.0.tgz",
			"integrity": "sha512-43ZssAJaMusuKWL8sKUBQXHWOpq8d6CfN/u1p4gUzfJkM05C8rxTmYrkIPTXapZpORA6LkkzcUulJ8FqA7Uudw=="
		},
		"strict-uri-encode": {
			"version": "2.0.0",
			"resolved": "https://registry.npmjs.org/strict-uri-encode/-/strict-uri-encode-2.0.0.tgz",
			"integrity": "sha1-ucczDHBChi9rFC3CdLvMWGbONUY="
		},
		"symbol-observable": {
			"version": "1.2.0",
			"resolved": "https://registry.npmjs.org/symbol-observable/-/symbol-observable-1.2.0.tgz",
			"integrity": "sha512-e900nM8RRtGhlV36KGEU9k65K3mPb1WV70OdjfxlG2EAuM1noi/E/BaW/uMhL7bPEssK8QV57vN3esixjUvcXQ=="
		},
		"toggle-selection": {
			"version": "1.0.6",
			"resolved": "https://registry.npmjs.org/toggle-selection/-/toggle-selection-1.0.6.tgz",
			"integrity": "sha1-bkWxJj8gF/oKzH2J14sVuL932jI="
		},
		"typescript-fsa": {
			"version": "3.0.0",
			"resolved": "https://registry.npmjs.org/typescript-fsa/-/typescript-fsa-3.0.0.tgz",
			"integrity": "sha512-xiXAib35i0QHl/+wMobzPibjAH5TJLDj+qGq5jwVLG9qR4FUswZURBw2qihBm0m06tHoyb3FzpnJs1GRhRwVag=="
		},
		"typescript-fsa-reducers": {
			"version": "1.2.1",
			"resolved": "https://registry.npmjs.org/typescript-fsa-reducers/-/typescript-fsa-reducers-1.2.1.tgz",
			"integrity": "sha512-Qgn7zEnAU5n3YEWEL5ooEmIWZl9B4QyXD4Y/0DqpUzF0YuTrcsLa7Lht0gFXZ+xqLJXQwo3fEiTfQTDF1fBnMg=="
		},
		"uuid": {
			"version": "2.0.1",
			"resolved": "https://registry.npmjs.org/uuid/-/uuid-2.0.1.tgz",
			"integrity": "sha1-wqMN7bPlNdcsz4LjQ5QaULqFM6w="
		},
		"webrtc-adapter": {
			"version": "7.2.8",
			"resolved": "https://registry.npmjs.org/webrtc-adapter/-/webrtc-adapter-7.2.8.tgz",
			"integrity": "sha512-d/rZVIIqqPqu/1I9rabhI+hmVhNtT+MoJk0eipCJasiVM9L9ZOTBoVhZmtC/naB4G8GTvnCaassrDz5IqWZP6w==",
			"requires": {
				"rtcpeerconnection-shim": "^1.2.15",
				"sdp": "^2.9.0"
			}
		},
		"whatwg-fetch": {
			"version": "3.0.0",
			"resolved": "https://registry.npmjs.org/whatwg-fetch/-/whatwg-fetch-3.0.0.tgz",
			"integrity": "sha512-9GSJUgz1D4MfyKU7KRqwOjXCXTqWdFNvEr7eUBYchQiVc744mqK/MzXPNR2WsPkmkOa4ywfg8C2n8h+13Bey1Q=="
		},
		"xmlhttprequest": {
			"version": "1.8.0",
			"resolved": "https://registry.npmjs.org/xmlhttprequest/-/xmlhttprequest-1.8.0.tgz",
			"integrity": "sha1-Z/4HXFwk/vOfnWX197f+dRcZaPw="
		}
	}
}
