{
	"name": "daicard",
	"version": "0.2.4",
	"lockfileVersion": 1,
	"requires": true,
	"dependencies": {
		"@walletconnect/browser": {
			"version": "1.0.0-beta.37",
			"resolved": "https://registry.npmjs.org/@walletconnect/browser/-/browser-1.0.0-beta.37.tgz",
			"integrity": "sha512-QjzgUt65HpWEfzCu0OB8l/fVBwrmdiiErtd1jQkGdmQbuRavQItP5XgMQABCCRs4kxzTynlhQTu6nVFPPLMlpg==",
			"requires": {
				"@walletconnect/core": "^1.0.0-beta.37",
				"@walletconnect/types": "^1.0.0-beta.37",
				"@walletconnect/utils": "^1.0.0-beta.37"
			},
			"dependencies": {
				"@ethersproject/address": {
					"version": "5.0.0-beta.131",
					"resolved": "https://registry.npmjs.org/@ethersproject/address/-/address-5.0.0-beta.131.tgz",
					"integrity": "sha512-tKtaqVs6jBk3o85WmIHEDlkZxUpX4pRIuSTIY2ElSLPJ31A7+iN8sf0/fdI7FH9Juza394YTbnjpbWNrYjBWow==",
					"requires": {
						"@ethersproject/bignumber": ">=5.0.0-beta.130",
						"@ethersproject/bytes": ">=5.0.0-beta.129",
						"@ethersproject/keccak256": ">=5.0.0-beta.127",
						"@ethersproject/logger": ">=5.0.0-beta.129",
						"@ethersproject/rlp": ">=5.0.0-beta.126",
						"bn.js": "^4.4.0"
					}
				},
				"@ethersproject/bignumber": {
					"version": "5.0.0-beta.133",
					"resolved": "https://registry.npmjs.org/@ethersproject/bignumber/-/bignumber-5.0.0-beta.133.tgz",
					"integrity": "sha512-bvp7hFp8yE/+vdLOo7TdtzYtxUgJJNnpLWg6pUnd3Vg/05uJX7LfGr0n4WQ7t8Ue+I48rZ2PyeCzpY49XxBTqQ==",
					"requires": {
						"@ethersproject/bytes": ">=5.0.0-beta.129",
						"@ethersproject/logger": ">=5.0.0-beta.129",
						"@ethersproject/properties": ">=5.0.0-beta.131",
						"bn.js": "^4.4.0"
					}
				},
				"@ethersproject/bytes": {
					"version": "5.0.0-beta.132",
					"resolved": "https://registry.npmjs.org/@ethersproject/bytes/-/bytes-5.0.0-beta.132.tgz",
					"integrity": "sha512-w8lf+xVdN3W48xg+JystkelbMWI7r8bRMpFKYIkNkKUc9JmxVI9voTV1AM/ELVCLpELYluZNZIpWJ/fSfQYs/A==",
					"requires": {
						"@ethersproject/logger": ">=5.0.0-beta.129"
					}
				},
				"@ethersproject/constants": {
					"version": "5.0.0-beta.131",
					"resolved": "https://registry.npmjs.org/@ethersproject/constants/-/constants-5.0.0-beta.131.tgz",
					"integrity": "sha512-6goMTEnnPCYGCiNL80KbaLeaMvFQjdbAGmXD91zOm3zKJKEw92kQ4vJDR0YYnbw/TMRWi+8wI7Vz+y83BOUBQw==",
					"requires": {
						"@ethersproject/bignumber": ">=5.0.0-beta.130"
					}
				},
				"@ethersproject/keccak256": {
					"version": "5.0.0-beta.130",
					"resolved": "https://registry.npmjs.org/@ethersproject/keccak256/-/keccak256-5.0.0-beta.130.tgz",
					"integrity": "sha512-wE2kkSqhXUYbr3VB7YSaQ16lVoyCiIUlSJ6UBckY55gPYIgpAaHb2TCY4rtxeKGpHkv/j+1DyKGB/UYSb+KCew==",
					"requires": {
						"@ethersproject/bytes": ">=5.0.0-beta.129",
						"js-sha3": "0.5.7"
					}
				},
				"@ethersproject/logger": {
					"version": "5.0.0-beta.131",
					"resolved": "https://registry.npmjs.org/@ethersproject/logger/-/logger-5.0.0-beta.131.tgz",
					"integrity": "sha512-5WKvSvijhhQ5+7vCIJSU/fmxuGY2ENd+axeN/Gjk+0l1hZmYPSMvO4jJ1YSnu38BhhvI8aiVM3PDlmzAWwwv4g=="
				},
				"@ethersproject/properties": {
					"version": "5.0.0-beta.133",
					"resolved": "https://registry.npmjs.org/@ethersproject/properties/-/properties-5.0.0-beta.133.tgz",
					"integrity": "sha512-H9vG6h/wqWmonyS8mJyuIFJOlR0xHeUw4hWt6nplClYWOSVXR/RL10/tWKyXvu38efVVHgtXz4WH1Be2iq6e7g==",
					"requires": {
						"@ethersproject/logger": ">=5.0.0-beta.129"
					}
				},
				"@ethersproject/rlp": {
					"version": "5.0.0-beta.129",
					"resolved": "https://registry.npmjs.org/@ethersproject/rlp/-/rlp-5.0.0-beta.129.tgz",
					"integrity": "sha512-DRLFIk0EilPn8DZiA7CLJjTgttOWJJ4iKOSgfjJ9JHMGFtnbQv6TzrBEjYGldZWvcXjke+ejJZBXgePFOgANCA==",
					"requires": {
						"@ethersproject/bytes": ">=5.0.0-beta.129"
					}
				},
				"@ethersproject/strings": {
					"version": "5.0.0-beta.133",
					"resolved": "https://registry.npmjs.org/@ethersproject/strings/-/strings-5.0.0-beta.133.tgz",
					"integrity": "sha512-HECi1/szfKzFnkBgXNTzysGxLKeyNLEu3wlR//6LUpyYZ/xazenM/3Xhr4QuBPNssK8snpKyXL5MdR3yB4esFg==",
					"requires": {
						"@ethersproject/bytes": ">=5.0.0-beta.129",
						"@ethersproject/constants": ">=5.0.0-beta.128",
						"@ethersproject/logger": ">=5.0.0-beta.129"
					}
				},
				"@walletconnect/core": {
					"version": "1.0.0-beta.37",
					"resolved": "https://registry.npmjs.org/@walletconnect/core/-/core-1.0.0-beta.37.tgz",
					"integrity": "sha512-1/ZdNOfRaXkp5AbfNhpWRxWEz21l3NWpYH55fSXj0owN3rrGg8YfRFpWwLeXCPQU/33wx8NyA7NFFMwu6/hhIQ==",
					"requires": {
						"@walletconnect/types": "^1.0.0-beta.37",
						"@walletconnect/utils": "^1.0.0-beta.37"
					}
				},
				"@walletconnect/types": {
					"version": "1.0.0-beta.37",
					"resolved": "https://registry.npmjs.org/@walletconnect/types/-/types-1.0.0-beta.37.tgz",
					"integrity": "sha512-pd/jYCvCgmn2+UuMm/VqH7b/U5JUszadDG1TeIWt6hioI0zgrF5+wvKCsrku7TzHRr3QGNoD7ZwB8KcQ7+BfIw=="
				},
				"@walletconnect/utils": {
					"version": "1.0.0-beta.37",
					"resolved": "https://registry.npmjs.org/@walletconnect/utils/-/utils-1.0.0-beta.37.tgz",
					"integrity": "sha512-XbH4aDBP20JfhsgKd8nFMz2hkeS8vcH8HV1+B8LWPhMJhgA+MNxCGH3xUtfC55y2ZBDY2jaJU2Odu8buzylDIw==",
					"requires": {
						"@ethersproject/address": "^5.0.0-beta.125",
						"@ethersproject/bytes": "^5.0.0-beta.126",
						"@ethersproject/strings": "^5.0.0-beta.125",
						"@walletconnect/types": "^1.0.0-beta.37",
						"bignumber.js": "^8.1.1"
					}
				},
				"bignumber.js": {
					"version": "8.1.1",
					"resolved": "https://registry.npmjs.org/bignumber.js/-/bignumber.js-8.1.1.tgz",
					"integrity": "sha512-QD46ppGintwPGuL1KqmwhR0O+N2cZUg8JG/VzwI2e28sM9TqHjQB10lI4QAaMHVbLzwVLLAwEglpKPViWX+5NQ=="
				},
				"bn.js": {
					"version": "4.11.8",
					"resolved": "https://registry.npmjs.org/bn.js/-/bn.js-4.11.8.tgz",
					"integrity": "sha512-ItfYfPLkWHUjckQCk8xC+LwxgK8NYcXywGigJgSwOP8Y2iyWT4f2vsZnoOXTTbo+o5yXmIUJ4gn5538SO5S3gA=="
				}
			}
		},
		"js-sha3": {
			"version": "0.5.7",
			"resolved": "https://registry.npmjs.org/js-sha3/-/js-sha3-0.5.7.tgz",
			"integrity": "sha1-DU/9gALVMzqrr0oj7tL2N0yfKOc="
		}
	}
}
