{
	"name": "daicard",
	"version": "0.2.4",
	"lockfileVersion": 1,
	"requires": true,
	"dependencies": {
		"@walletconnect/browser": {
			"version": "1.0.0-beta.37",
			"resolved": "https://registry.npmjs.org/@walletconnect/browser/-/browser-1.0.0-beta.37.tgz",
			"integrity": "sha512-QjzgUt65HpWEfzCu0OB8l/fVBwrmdiiErtd1jQkGdmQbuRavQItP5XgMQABCCRs4kxzTynlhQTu6nVFPPLMlpg==",
			"requires": {
				"@walletconnect/core": "^1.0.0-beta.37",
				"@walletconnect/types": "^1.0.0-beta.37",
				"@walletconnect/utils": "^1.0.0-beta.37"
			},
			"dependencies": {
				"@ethersproject/address": {
					"version": "5.0.0-beta.130",
					"resolved": "https://registry.npmjs.org/@ethersproject/address/-/address-5.0.0-beta.130.tgz",
					"integrity": "sha512-ahf8Q/TxDR0toGiWr27kvdmBPnpHgdyUkR29H+x8oMxXFbjJ7lRhvSFCHP6WJ2UOJWhPSr6glPnnYkoJg2mFfQ==",
					"requires": {
						"@ethersproject/bignumber": ">=5.0.0-beta.130",
						"@ethersproject/bytes": ">=5.0.0-beta.129",
						"@ethersproject/keccak256": ">=5.0.0-beta.127",
						"@ethersproject/logger": ">=5.0.0-beta.129",
						"@ethersproject/rlp": ">=5.0.0-beta.126",
						"bn.js": "^4.4.0"
					}
				},
				"@ethersproject/bignumber": {
					"version": "5.0.0-beta.132",
					"resolved": "https://registry.npmjs.org/@ethersproject/bignumber/-/bignumber-5.0.0-beta.132.tgz",
					"integrity": "sha512-DiKfTzpu6myNluDjrRvVBIIwVtEVGC7AFMpIh2hze8C2vJx2Dzykj1bP/iguedLQC26xceXDqdUHQNWNLejGQg==",
					"requires": {
						"@ethersproject/bytes": ">=5.0.0-beta.129",
						"@ethersproject/logger": ">=5.0.0-beta.129",
						"@ethersproject/properties": ">=5.0.0-beta.131",
						"bn.js": "^4.4.0"
					}
				},
				"@ethersproject/bytes": {
					"version": "5.0.0-beta.131",
					"resolved": "https://registry.npmjs.org/@ethersproject/bytes/-/bytes-5.0.0-beta.131.tgz",
					"integrity": "sha512-FkgX8AlH1OOhRiEbpZL6OLkO8J4bVOw3CTjjvW4yb7UU3j91duffDu/ulLjjIMe8DZ98AiGc4NQ+WwRKzh/Hiw==",
					"requires": {
						"@ethersproject/logger": ">=5.0.0-beta.129"
					}
				},
				"@ethersproject/constants": {
					"version": "5.0.0-beta.130",
					"resolved": "https://registry.npmjs.org/@ethersproject/constants/-/constants-5.0.0-beta.130.tgz",
					"integrity": "sha512-ZO4b+jJ5o58/77d9jVNH0LVJdIeo2nKBdxaESxQ8Kgp7sPd5FsUiznPdWEu33frAQMUZ16ieSylv+vEqEzBh1g==",
					"requires": {
						"@ethersproject/bignumber": ">=5.0.0-beta.130"
					}
				},
				"@ethersproject/keccak256": {
					"version": "5.0.0-beta.129",
					"resolved": "https://registry.npmjs.org/@ethersproject/keccak256/-/keccak256-5.0.0-beta.129.tgz",
					"integrity": "sha512-kj4waDagZuRF34eMKjagRIRS/G2utQAMi1kCl8jy6BET0pCalD9/URGYZRDe5xRsUjjGPn58x+yoj+Qxw7r6cQ==",
					"requires": {
						"@ethersproject/bytes": ">=5.0.0-beta.129",
						"js-sha3": "0.5.7"
					}
				},
				"@ethersproject/logger": {
					"version": "5.0.0-beta.130",
					"resolved": "https://registry.npmjs.org/@ethersproject/logger/-/logger-5.0.0-beta.130.tgz",
					"integrity": "sha512-mhclsjkFqah1Co594bTNYnJzYAbtp5lClUrFqhMAsRkqT08wMYxY+oB51JFigNBDV+hzjmfEURtFkQjEBRx9+g=="
				},
				"@ethersproject/properties": {
					"version": "5.0.0-beta.132",
					"resolved": "https://registry.npmjs.org/@ethersproject/properties/-/properties-5.0.0-beta.132.tgz",
					"integrity": "sha512-u2ehvipqENk1dOlQkuSD9mcc+dbOi+FXKDsdhuUmPfLMK+VHirB8kbmKuDJnHyrcqJUzB8KKndVPbRcltsNkwg==",
					"requires": {
						"@ethersproject/logger": ">=5.0.0-beta.129"
					}
				},
				"@ethersproject/rlp": {
					"version": "5.0.0-beta.128",
					"resolved": "https://registry.npmjs.org/@ethersproject/rlp/-/rlp-5.0.0-beta.128.tgz",
					"integrity": "sha512-MJJSsEeTRV85LCqnHuMav5uzAj7cFJ6c3ZRlKv66Ty7RD62hFj1tA1Fp5Rkokli/ePf92jALPT+XxOAUWmfUTA==",
					"requires": {
						"@ethersproject/bytes": ">=5.0.0-beta.129"
					}
				},
				"@ethersproject/strings": {
					"version": "5.0.0-beta.132",
					"resolved": "https://registry.npmjs.org/@ethersproject/strings/-/strings-5.0.0-beta.132.tgz",
					"integrity": "sha512-vGlHQnY7gP6ABD5+BHdyVf+ohgUQC4c17k2jNHgpkMHC2dZ1tydCBQGtzLpnuU6jzA75ESFl4WvIKA7Cq9fh2A==",
					"requires": {
						"@ethersproject/bytes": ">=5.0.0-beta.129",
						"@ethersproject/constants": ">=5.0.0-beta.128",
						"@ethersproject/logger": ">=5.0.0-beta.129"
					}
				},
				"@walletconnect/core": {
					"version": "1.0.0-beta.37",
					"resolved": "https://registry.npmjs.org/@walletconnect/core/-/core-1.0.0-beta.37.tgz",
					"integrity": "sha512-1/ZdNOfRaXkp5AbfNhpWRxWEz21l3NWpYH55fSXj0owN3rrGg8YfRFpWwLeXCPQU/33wx8NyA7NFFMwu6/hhIQ==",
					"requires": {
						"@walletconnect/types": "^1.0.0-beta.37",
						"@walletconnect/utils": "^1.0.0-beta.37"
					}
				},
				"@walletconnect/types": {
					"version": "1.0.0-beta.37",
					"resolved": "https://registry.npmjs.org/@walletconnect/types/-/types-1.0.0-beta.37.tgz",
					"integrity": "sha512-pd/jYCvCgmn2+UuMm/VqH7b/U5JUszadDG1TeIWt6hioI0zgrF5+wvKCsrku7TzHRr3QGNoD7ZwB8KcQ7+BfIw=="
				},
				"@walletconnect/utils": {
					"version": "1.0.0-beta.37",
					"resolved": "https://registry.npmjs.org/@walletconnect/utils/-/utils-1.0.0-beta.37.tgz",
					"integrity": "sha512-XbH4aDBP20JfhsgKd8nFMz2hkeS8vcH8HV1+B8LWPhMJhgA+MNxCGH3xUtfC55y2ZBDY2jaJU2Odu8buzylDIw==",
					"requires": {
						"@ethersproject/address": "^5.0.0-beta.125",
						"@ethersproject/bytes": "^5.0.0-beta.126",
						"@ethersproject/strings": "^5.0.0-beta.125",
						"@walletconnect/types": "^1.0.0-beta.37",
						"bignumber.js": "^8.1.1"
					}
				},
				"bignumber.js": {
					"version": "8.1.1",
					"resolved": "https://registry.npmjs.org/bignumber.js/-/bignumber.js-8.1.1.tgz",
					"integrity": "sha512-QD46ppGintwPGuL1KqmwhR0O+N2cZUg8JG/VzwI2e28sM9TqHjQB10lI4QAaMHVbLzwVLLAwEglpKPViWX+5NQ=="
				},
				"bn.js": {
					"version": "4.11.8",
					"resolved": "https://registry.npmjs.org/bn.js/-/bn.js-4.11.8.tgz",
					"integrity": "sha512-ItfYfPLkWHUjckQCk8xC+LwxgK8NYcXywGigJgSwOP8Y2iyWT4f2vsZnoOXTTbo+o5yXmIUJ4gn5538SO5S3gA=="
				},
				"js-sha3": {
					"version": "0.5.7",
					"resolved": "https://registry.npmjs.org/js-sha3/-/js-sha3-0.5.7.tgz",
					"integrity": "sha1-DU/9gALVMzqrr0oj7tL2N0yfKOc="
				}
			}
		},
		"@walletconnect/channel-provider": {
			"version": "1.0.0-beta.37",
			"resolved": "https://registry.npmjs.org/@walletconnect/channel-provider/-/channel-provider-1.0.0-beta.37.tgz",
			"integrity": "sha512-lJ4TejP318fB8nK0b4w3JJqCVthUe/anFVz2lrQXaZXjL1vj/ViR4MZMLbbQwzcTw1wqOcLRtFvmg57LWO9vcg==",
			"requires": {
				"@walletconnect/browser": "^1.0.0-beta.37",
				"@walletconnect/qrcode-modal": "^1.0.0-beta.37",
				"@walletconnect/types": "^1.0.0-beta.37",
				"@walletconnect/utils": "^1.0.0-beta.37",
				"xhr2-cookies": "^1.1.0"
			},
			"dependencies": {
				"@ethersproject/address": {
					"version": "5.0.0-beta.130",
					"resolved": "https://registry.npmjs.org/@ethersproject/address/-/address-5.0.0-beta.130.tgz",
					"integrity": "sha512-ahf8Q/TxDR0toGiWr27kvdmBPnpHgdyUkR29H+x8oMxXFbjJ7lRhvSFCHP6WJ2UOJWhPSr6glPnnYkoJg2mFfQ==",
					"requires": {
						"@ethersproject/bignumber": ">=5.0.0-beta.130",
						"@ethersproject/bytes": ">=5.0.0-beta.129",
						"@ethersproject/keccak256": ">=5.0.0-beta.127",
						"@ethersproject/logger": ">=5.0.0-beta.129",
						"@ethersproject/rlp": ">=5.0.0-beta.126",
						"bn.js": "^4.4.0"
					}
				},
				"@ethersproject/bignumber": {
					"version": "5.0.0-beta.132",
					"resolved": "https://registry.npmjs.org/@ethersproject/bignumber/-/bignumber-5.0.0-beta.132.tgz",
					"integrity": "sha512-DiKfTzpu6myNluDjrRvVBIIwVtEVGC7AFMpIh2hze8C2vJx2Dzykj1bP/iguedLQC26xceXDqdUHQNWNLejGQg==",
					"requires": {
						"@ethersproject/bytes": ">=5.0.0-beta.129",
						"@ethersproject/logger": ">=5.0.0-beta.129",
						"@ethersproject/properties": ">=5.0.0-beta.131",
						"bn.js": "^4.4.0"
					}
				},
				"@ethersproject/bytes": {
					"version": "5.0.0-beta.131",
					"resolved": "https://registry.npmjs.org/@ethersproject/bytes/-/bytes-5.0.0-beta.131.tgz",
					"integrity": "sha512-FkgX8AlH1OOhRiEbpZL6OLkO8J4bVOw3CTjjvW4yb7UU3j91duffDu/ulLjjIMe8DZ98AiGc4NQ+WwRKzh/Hiw==",
					"requires": {
						"@ethersproject/logger": ">=5.0.0-beta.129"
					}
				},
				"@ethersproject/constants": {
					"version": "5.0.0-beta.130",
					"resolved": "https://registry.npmjs.org/@ethersproject/constants/-/constants-5.0.0-beta.130.tgz",
					"integrity": "sha512-ZO4b+jJ5o58/77d9jVNH0LVJdIeo2nKBdxaESxQ8Kgp7sPd5FsUiznPdWEu33frAQMUZ16ieSylv+vEqEzBh1g==",
					"requires": {
						"@ethersproject/bignumber": ">=5.0.0-beta.130"
					}
				},
				"@ethersproject/keccak256": {
					"version": "5.0.0-beta.129",
					"resolved": "https://registry.npmjs.org/@ethersproject/keccak256/-/keccak256-5.0.0-beta.129.tgz",
					"integrity": "sha512-kj4waDagZuRF34eMKjagRIRS/G2utQAMi1kCl8jy6BET0pCalD9/URGYZRDe5xRsUjjGPn58x+yoj+Qxw7r6cQ==",
					"requires": {
						"@ethersproject/bytes": ">=5.0.0-beta.129",
						"js-sha3": "0.5.7"
					}
				},
				"@ethersproject/logger": {
					"version": "5.0.0-beta.130",
					"resolved": "https://registry.npmjs.org/@ethersproject/logger/-/logger-5.0.0-beta.130.tgz",
					"integrity": "sha512-mhclsjkFqah1Co594bTNYnJzYAbtp5lClUrFqhMAsRkqT08wMYxY+oB51JFigNBDV+hzjmfEURtFkQjEBRx9+g=="
				},
				"@ethersproject/properties": {
					"version": "5.0.0-beta.132",
					"resolved": "https://registry.npmjs.org/@ethersproject/properties/-/properties-5.0.0-beta.132.tgz",
					"integrity": "sha512-u2ehvipqENk1dOlQkuSD9mcc+dbOi+FXKDsdhuUmPfLMK+VHirB8kbmKuDJnHyrcqJUzB8KKndVPbRcltsNkwg==",
					"requires": {
						"@ethersproject/logger": ">=5.0.0-beta.129"
					}
				},
				"@ethersproject/rlp": {
					"version": "5.0.0-beta.128",
					"resolved": "https://registry.npmjs.org/@ethersproject/rlp/-/rlp-5.0.0-beta.128.tgz",
					"integrity": "sha512-MJJSsEeTRV85LCqnHuMav5uzAj7cFJ6c3ZRlKv66Ty7RD62hFj1tA1Fp5Rkokli/ePf92jALPT+XxOAUWmfUTA==",
					"requires": {
						"@ethersproject/bytes": ">=5.0.0-beta.129"
					}
				},
				"@ethersproject/strings": {
					"version": "5.0.0-beta.132",
					"resolved": "https://registry.npmjs.org/@ethersproject/strings/-/strings-5.0.0-beta.132.tgz",
					"integrity": "sha512-vGlHQnY7gP6ABD5+BHdyVf+ohgUQC4c17k2jNHgpkMHC2dZ1tydCBQGtzLpnuU6jzA75ESFl4WvIKA7Cq9fh2A==",
					"requires": {
						"@ethersproject/bytes": ">=5.0.0-beta.129",
						"@ethersproject/constants": ">=5.0.0-beta.128",
						"@ethersproject/logger": ">=5.0.0-beta.129"
					}
				},
				"@walletconnect/qrcode-modal": {
					"version": "1.0.0-beta.37",
					"resolved": "https://registry.npmjs.org/@walletconnect/qrcode-modal/-/qrcode-modal-1.0.0-beta.37.tgz",
					"integrity": "sha512-JWajRkrS89E8ZcgWh8j2KgYDuhOkNEFqIbIRrD2FlvIHySHUBujp2oq5WHNpGPbFsFBI+1sD2LExPbh+FQzwHw==",
					"requires": {
						"qr-image": "^3.2.0",
						"qrcode-terminal": "^0.12.0"
					}
				},
				"@walletconnect/types": {
					"version": "1.0.0-beta.37",
					"resolved": "https://registry.npmjs.org/@walletconnect/types/-/types-1.0.0-beta.37.tgz",
					"integrity": "sha512-pd/jYCvCgmn2+UuMm/VqH7b/U5JUszadDG1TeIWt6hioI0zgrF5+wvKCsrku7TzHRr3QGNoD7ZwB8KcQ7+BfIw=="
				},
				"@walletconnect/utils": {
					"version": "1.0.0-beta.37",
					"resolved": "https://registry.npmjs.org/@walletconnect/utils/-/utils-1.0.0-beta.37.tgz",
					"integrity": "sha512-XbH4aDBP20JfhsgKd8nFMz2hkeS8vcH8HV1+B8LWPhMJhgA+MNxCGH3xUtfC55y2ZBDY2jaJU2Odu8buzylDIw==",
					"requires": {
						"@ethersproject/address": "^5.0.0-beta.125",
						"@ethersproject/bytes": "^5.0.0-beta.126",
						"@ethersproject/strings": "^5.0.0-beta.125",
						"@walletconnect/types": "^1.0.0-beta.37",
						"bignumber.js": "^8.1.1"
					}
				},
				"bignumber.js": {
					"version": "8.1.1",
					"resolved": "https://registry.npmjs.org/bignumber.js/-/bignumber.js-8.1.1.tgz",
					"integrity": "sha512-QD46ppGintwPGuL1KqmwhR0O+N2cZUg8JG/VzwI2e28sM9TqHjQB10lI4QAaMHVbLzwVLLAwEglpKPViWX+5NQ=="
				},
				"bn.js": {
					"version": "4.11.8",
					"resolved": "https://registry.npmjs.org/bn.js/-/bn.js-4.11.8.tgz",
					"integrity": "sha512-ItfYfPLkWHUjckQCk8xC+LwxgK8NYcXywGigJgSwOP8Y2iyWT4f2vsZnoOXTTbo+o5yXmIUJ4gn5538SO5S3gA=="
				},
				"cookiejar": {
					"version": "2.1.2",
					"resolved": "https://registry.npmjs.org/cookiejar/-/cookiejar-2.1.2.tgz",
					"integrity": "sha512-Mw+adcfzPxcPeI+0WlvRrr/3lGVO0bD75SxX6811cxSh1Wbxx7xZBGK1eVtDf6si8rg2lhnUjsVLMFMfbRIuwA=="
				},
				"js-sha3": {
					"version": "0.5.7",
					"resolved": "https://registry.npmjs.org/js-sha3/-/js-sha3-0.5.7.tgz",
					"integrity": "sha1-DU/9gALVMzqrr0oj7tL2N0yfKOc="
				},
				"qr-image": {
					"version": "3.2.0",
					"resolved": "https://registry.npmjs.org/qr-image/-/qr-image-3.2.0.tgz",
					"integrity": "sha1-n6gpW+rlDEoUnPn5CaHbRkqGcug="
				},
				"qrcode-terminal": {
					"version": "0.12.0",
					"resolved": "https://registry.npmjs.org/qrcode-terminal/-/qrcode-terminal-0.12.0.tgz",
					"integrity": "sha512-EXtzRZmC+YGmGlDFbXKxQiMZNwCLEO6BANKXG4iCtSIM0yqc/pappSx3RIKr4r0uh5JsBckOXeKrB3Iz7mdQpQ=="
				},
				"xhr2-cookies": {
					"version": "1.1.0",
					"resolved": "https://registry.npmjs.org/xhr2-cookies/-/xhr2-cookies-1.1.0.tgz",
					"integrity": "sha1-fXdEnQmZGX8VXLc7I99yUF7YnUg=",
					"requires": {
						"cookiejar": "^2.1.1"
					}
				}
			}
		}
	}
}
