{
	"name": "@connext/proxy-lock",
	"version": "0.1.7",
	"lockfileVersion": 1,
	"requires": true,
	"dependencies": {
		"@counterfactual/types": {
			"version": "0.0.40",
			"resolved": "https://registry.npmjs.org/@counterfactual/types/-/types-0.0.40.tgz",
			"integrity": "sha512-PLi9HS5+5wIkJsbt6KeldL5dFnJTNEqrx6447kadIPUah1UcI4lrZOyTJuveizOd/+/LXXXLujsXRg5ezBBHaA=="
		}
	}
}
