{
	"name": "payment-bot",
	"version": "0.0.1",
	"lockfileVersion": 1,
	"requires": true,
	"dependencies": {
		"@counterfactual/types": {
			"version": "0.0.44",
			"resolved": "https://registry.npmjs.org/@counterfactual/types/-/types-0.0.44.tgz",
			"integrity": "sha512-5Jq+m/soFxa5c47dOjzDjgAitCxahyjdhP8shGe3MdPtk21Hz0PozkEIVCNC8JhcYl1m43CBG0PlXLLM1/TIZA==",
			"dev": true
		}
	}
}
