{
	"name": "@connext/cf-core",
	"version": "0.4.1",
	"lockfileVersion": 1,
	"requires": true,
	"dependencies": {
		"@counterfactual/cf-adjudicator-contracts": {
			"version": "0.0.10",
			"resolved": "https://registry.npmjs.org/@counterfactual/cf-adjudicator-contracts/-/cf-adjudicator-contracts-0.0.10.tgz",
			"integrity": "sha512-lTp26oG/xTIvLxhZOBd4jeKd9Ya6fc9bB9OTGDXajtpEQ4/2kSTw88zbLqzcW0VT6oqhVpQWDl0SERZnJaNhhQ=="
		},
		"@counterfactual/cf-funding-protocol-contracts": {
			"version": "0.0.13",
			"resolved": "https://registry.npmjs.org/@counterfactual/cf-funding-protocol-contracts/-/cf-funding-protocol-contracts-0.0.13.tgz",
			"integrity": "sha512-a1o7W+3OV1Lbfene3qJz51MyCIwXValrz3FCphsfFw7nVj5LN2MM6IdDGgUZSaUwv010zNgcuUI/6XxcP9cweA=="
		},
		"@counterfactual/types": {
			"version": "0.0.45",
			"resolved": "https://registry.npmjs.org/@counterfactual/types/-/types-0.0.45.tgz",
			"integrity": "sha512-df2jl4dxhbm6u4mY+VO2p68NDMcF1VS8EubkS+2bqSJ4H2uzUKBV3P4fjbg8cn7DdQxYKOo5FIRZWOCqJtPtSQ=="
		}
	}
}
