{
  "name": "@connext/contracts",
  "version": "0.0.1",
  "lockfileVersion": 1,
  "requires": true,
  "dependencies": {
    "@counterfactual/types": {
      "version": "0.0.37",
      "resolved": "https://registry.npmjs.org/@counterfactual/types/-/types-0.0.37.tgz",
      "integrity": "sha512-QarsW4K+0OFUTTj7bX8zFEIJAavORqF/8df+a1+77gtb8lHT1AJH7po3Tr3i5gNZgCl/TCTGH3rpkKy6KgHy1Q==",
      "dev": true
    }
  }
}
