{
  "name": "@connext/contracts",
  "version": "0.0.1",
  "lockfileVersion": 1,
  "requires": true,
  "dependencies": {
    "@counterfactual/contracts": {
      "version": "0.1.12",
      "resolved": "https://registry.npmjs.org/@counterfactual/contracts/-/contracts-0.1.12.tgz",
      "integrity": "sha512-wqSf9WkeQ/YimlJRBuuW6wxBeFdCAEykN+4bHJesqgK233PVBYASyDHTin/nQz/MEXsDSfG1e8IteH1fQXaxyA==",
      "dev": true
    },
    "@types/chai": {
      "version": "4.1.7",
      "resolved": "https://registry.npmjs.org/@types/chai/-/chai-4.1.7.tgz",
      "integrity": "sha512-2Y8uPt0/jwjhQ6EiluT0XCri1Dbplr0ZxfFXUz+ye13gaqE8u5gL5ppao1JrUYr9cIip5S6MvQzBS7Kke7U9VA==",
      "dev": true
    }
  }
}
