{
	"name": "@connext/contracts",
	"version": "1.0.1",
	"lockfileVersion": 1,
	"requires": true,
	"dependencies": {
		"@types/node": {
			"version": "13.1.7",
			"resolved": "https://registry.npmjs.org/@types/node/-/node-13.1.7.tgz",
			"integrity": "sha512-HU0q9GXazqiKwviVxg9SI/+t/nAsGkvLDkIdxz+ObejG2nX6Si00TeLqHMoS+a/1tjH7a8YpKVQwtgHuMQsldg==",
			"dev": true
		}
	}
}
