{
  "name": "indra-node",
  "version": "0.0.0",
  "lockfileVersion": 1,
  "requires": true,
  "dependencies": {
    "@connext/messaging": {
      "version": "0.0.7",
      "requires": {
        "ts-nats": "1.2.4",
        "websocket-nats": "0.3.3"
      },
      "dependencies": {
        "nuid": {
          "version": "1.1.0",
          "resolved": "https://registry.npmjs.org/nuid/-/nuid-1.1.0.tgz",
          "integrity": "sha512-C/JdZ6PtCqKsCEs4ni76nhBsdmuQgLAT/CTLNprkcLViDAnkk7qx5sSA8PVC2vmSsdBlSsFuGb52v6pwn1oaeg=="
        },
        "ts-nats": {
          "version": "1.2.4",
          "resolved": "https://registry.npmjs.org/ts-nats/-/ts-nats-1.2.4.tgz",
          "integrity": "sha512-bIC+PlwHplRqhooa9kE+QPcQ9RPGUXD2ruvdf6LoFpP6MjE6exVoRhYSydm0e5wk7VfuXpTbH1NoopTKHwlOKA==",
          "requires": {
            "nuid": "^1.1.0",
            "ts-nkeys": "^1.0.12"
          }
        },
        "ts-nkeys": {
          "version": "1.0.12",
          "resolved": "https://registry.npmjs.org/ts-nkeys/-/ts-nkeys-1.0.12.tgz",
          "integrity": "sha512-5TgA+wbfxTy/9pdSuAhvneuL65KKoI7phonzNQH2UhnorAQAWehUwHNLEuli596wu/Fxh0SAhMeKZVLNx4s7Ow==",
          "requires": {
            "tweetnacl": "^1.0.1"
          }
        },
        "tweetnacl": {
          "version": "1.0.1",
          "resolved": "https://registry.npmjs.org/tweetnacl/-/tweetnacl-1.0.1.tgz",
          "integrity": "sha512-kcoMoKTPYnoeS50tzoqjPY3Uv9axeuuFAZY9M/9zFnhoVvRfxz9K29IMPD7jGmt2c8SW7i3gT9WqDl2+nV7p4A=="
        },
        "websocket-nats": {
          "version": "0.3.3",
          "resolved": "https://registry.npmjs.org/websocket-nats/-/websocket-nats-0.3.3.tgz",
          "integrity": "sha1-igSTvVuXyvH4VzmDuu2HFTmVI+8=",
          "requires": {
            "nuid": "^0.6.8"
          },
          "dependencies": {
            "nuid": {
              "version": "0.6.14",
              "resolved": "https://registry.npmjs.org/nuid/-/nuid-0.6.14.tgz",
              "integrity": "sha1-oiXItyDkbFY62NE2QTaGafbCW0g="
            }
          }
        }
      }
    },
    "@connext/types": {
      "version": "0.0.8",
      "requires": {
        "ethers": "4.0.33"
      },
      "dependencies": {
        "@connext/messaging": {},
        "@types/node": {
          "version": "10.14.14",
          "resolved": "https://registry.npmjs.org/@types/node/-/node-10.14.14.tgz",
          "integrity": "sha512-xXD08vZsvpv4xptQXj1+ky22f7ZoKu5ZNI/4l+/BXG3X+XaeZsmaFbbTKuhSE3NjjvRuZFxFf9sQBMXIcZNFMQ=="
        },
        "aes-js": {
          "version": "3.0.0",
          "resolved": "https://registry.npmjs.org/aes-js/-/aes-js-3.0.0.tgz",
          "integrity": "sha1-4h3xCtbCBTKVvLuNq0Cwnb6ofk0="
        },
        "bn.js": {
          "version": "4.11.8",
          "resolved": "https://registry.npmjs.org/bn.js/-/bn.js-4.11.8.tgz",
          "integrity": "sha512-ItfYfPLkWHUjckQCk8xC+LwxgK8NYcXywGigJgSwOP8Y2iyWT4f2vsZnoOXTTbo+o5yXmIUJ4gn5538SO5S3gA=="
        },
        "brorand": {
          "version": "1.1.0",
          "resolved": "https://registry.npmjs.org/brorand/-/brorand-1.1.0.tgz",
          "integrity": "sha1-EsJe/kCkXjwyPrhnWgoM5XsiNx8="
        },
        "elliptic": {
          "version": "6.3.3",
          "resolved": "https://registry.npmjs.org/elliptic/-/elliptic-6.3.3.tgz",
          "integrity": "sha1-VILZZG1UvLif19mU/J4ulWiHbj8=",
          "requires": {
            "bn.js": "^4.4.0",
            "brorand": "^1.0.1",
            "hash.js": "^1.0.0",
            "inherits": "^2.0.1"
          }
        },
        "ethers": {
          "version": "4.0.33",
          "resolved": "https://registry.npmjs.org/ethers/-/ethers-4.0.33.tgz",
          "integrity": "sha512-lAHkSPzBe0Vj+JrhmkEHLtUEKEheVktIjGDyE9gbzF4zf1vibjYgB57LraDHu4/ItqWVkztgsm8GWqcDMN+6vQ==",
          "requires": {
            "@types/node": "^10.3.2",
            "aes-js": "3.0.0",
            "bn.js": "^4.4.0",
            "elliptic": "6.3.3",
            "hash.js": "1.1.3",
            "js-sha3": "0.5.7",
            "scrypt-js": "2.0.4",
            "setimmediate": "1.0.4",
            "uuid": "2.0.1",
            "xmlhttprequest": "1.8.0"
          }
        },
        "hash.js": {
          "version": "1.1.3",
          "resolved": "https://registry.npmjs.org/hash.js/-/hash.js-1.1.3.tgz",
          "integrity": "sha512-/UETyP0W22QILqS+6HowevwhEFJ3MBJnwTf75Qob9Wz9t0DPuisL8kW8YZMK62dHAKE1c1p+gY1TtOLY+USEHA==",
          "requires": {
            "inherits": "^2.0.3",
            "minimalistic-assert": "^1.0.0"
          }
        },
        "inherits": {
          "version": "2.0.4",
          "resolved": "https://registry.npmjs.org/inherits/-/inherits-2.0.4.tgz",
          "integrity": "sha512-k/vGaX4/Yla3WzyMCvTQOXYeIHvqOKtnqBduzTHpzpQZzAskKMhZ2K+EnBiSM9zGSoIFeMpXKxa4dYeZIQqewQ=="
        },
        "js-sha3": {
          "version": "0.5.7",
          "resolved": "https://registry.npmjs.org/js-sha3/-/js-sha3-0.5.7.tgz",
          "integrity": "sha1-DU/9gALVMzqrr0oj7tL2N0yfKOc="
        },
        "minimalistic-assert": {
          "version": "1.0.1",
          "resolved": "https://registry.npmjs.org/minimalistic-assert/-/minimalistic-assert-1.0.1.tgz",
          "integrity": "sha512-UtJcAD4yEaGtjPezWuO9wC4nwUnVH/8/Im3yEHQP4b67cXlD/Qr9hdITCU1xDbSEXg2XKNaP8jsReV7vQd00/A=="
        },
        "scrypt-js": {
          "version": "2.0.4",
          "resolved": "https://registry.npmjs.org/scrypt-js/-/scrypt-js-2.0.4.tgz",
          "integrity": "sha512-4KsaGcPnuhtCZQCxFxN3GVYIhKFPTdLd8PLC552XwbMndtD0cjRFAhDuuydXQ0h08ZfPgzqe6EKHozpuH74iDw=="
        },
        "setimmediate": {
          "version": "1.0.4",
          "resolved": "https://registry.npmjs.org/setimmediate/-/setimmediate-1.0.4.tgz",
          "integrity": "sha1-IOgd5iLUoCWIzgyNqJc8vPHTE48="
        },
        "uuid": {
          "version": "2.0.1",
          "resolved": "https://registry.npmjs.org/uuid/-/uuid-2.0.1.tgz",
          "integrity": "sha1-wqMN7bPlNdcsz4LjQ5QaULqFM6w="
        },
        "xmlhttprequest": {
          "version": "1.8.0",
          "resolved": "https://registry.npmjs.org/xmlhttprequest/-/xmlhttprequest-1.8.0.tgz",
          "integrity": "sha1-Z/4HXFwk/vOfnWX197f+dRcZaPw="
        }
      }
    },
    "bignumber.js": {
      "version": "9.0.0",
      "resolved": "https://registry.npmjs.org/bignumber.js/-/bignumber.js-9.0.0.tgz",
      "integrity": "sha512-t/OYhhJ2SD+YGBQcjY8GzzDHEk9f3nerxjtfa6tlMXfe7frs/WozhvCNoGvpM0P3bNf3Gq5ZRMlGr5f3r4/N8A=="
    }
  }
}
