{
	"name": "indra-v2-node",
	"version": "0.0.0",
	"lockfileVersion": 1,
	"requires": true,
	"dependencies": {
		"@counterfactual/contracts": {
			"version": "0.1.13",
			"resolved": "https://registry.npmjs.org/@counterfactual/contracts/-/contracts-0.1.13.tgz",
			"integrity": "sha512-0hOojtOiWd7Rv5onzu7pb9lEH/IZ6zUGuDK7KZo0BM2rN04m4zlGu6/XJ4JUl1bJGH3dJkPAk1SiND1p81SLjg=="
		}
	}
}
