{
	"name": "indra-v2-node",
	"version": "0.0.0",
	"lockfileVersion": 1,
	"requires": true,
	"dependencies": {
		"@counterfactual/contracts": {
			"version": "0.1.14",
			"resolved": "https://registry.npmjs.org/@counterfactual/contracts/-/contracts-0.1.14.tgz",
			"integrity": "sha512-ZP0+FYRrG4Ecvi6dEOaUSuCbILMU+BQQuJ+wLAUCykvm0xSwBYOVG8/AE09hu2p/dUH/wEj/oJ6Q+0L2uIOmng=="
		}
	}
}
